// !$*UTF8*$!
{
	archiveVersion = 1;
	classes = {
	};
	objectVersion = 56;
	objects = {

/* Begin PBXBuildFile section */
		DEBCF47B2C17F58900A9C083 /* MR_Mapping_iOSApp.swift in Sources */ = {isa = PBXBuildFile; fileRef = DEBCF47A2C17F58900A9C083 /* MR_Mapping_iOSApp.swift */; };
		DEBCF47D2C17F58900A9C083 /* ContentView.swift in Sources */ = {isa = PBXBuildFile; fileRef = DEBCF47C2C17F58900A9C083 /* ContentView.swift */; };
		DEBCF47F2C17F58B00A9C083 /* Assets.xcassets in Resources */ = {isa = PBXBuildFile; fileRef = DEBCF47E2C17F58B00A9C083 /* Assets.xcassets */; };
		DEBCF4822C17F58B00A9C083 /* Preview Assets.xcassets in Resources */ = {isa = PBXBuildFile; fileRef = DEBCF4812C17F58B00A9C083 /* Preview Assets.xcassets */; };
		DEBCF48C2C17F58B00A9C083 /* MR_Mapping_iOSTests.swift in Sources */ = {isa = PBXBuildFile; fileRef = DEBCF48B2C17F58B00A9C083 /* MR_Mapping_iOSTests.swift */; };
		DEBCF4962C17F58B00A9C083 /* MR_Mapping_iOSUITests.swift in Sources */ = {isa = PBXBuildFile; fileRef = DEBCF4952C17F58B00A9C083 /* MR_Mapping_iOSUITests.swift */; };
		DEBCF4982C17F58B00A9C083 /* MR_Mapping_iOSUITestsLaunchTests.swift in Sources */ = {isa = PBXBuildFile; fileRef = DEBCF4972C17F58B00A9C083 /* MR_Mapping_iOSUITestsLaunchTests.swift */; };
		DEBCF4A52C17F5CF00A9C083 /* ViewController.swift in Sources */ = {isa = PBXBuildFile; fileRef = DEBCF4A42C17F5CF00A9C083 /* ViewController.swift */; };
		DEBCF4A72C17F71400A9C083 /* TitleView.swift in Sources */ = {isa = PBXBuildFile; fileRef = DEBCF4A62C17F71400A9C083 /* TitleView.swift */; };
/* End PBXBuildFile section */

/* Begin PBXContainerItemProxy section */
		DEBCF4882C17F58B00A9C083 /* PBXContainerItemProxy */ = {
			isa = PBXContainerItemProxy;
			containerPortal = DEBCF46F2C17F58900A9C083 /* Project object */;
			proxyType = 1;
			remoteGlobalIDString = DEBCF4762C17F58900A9C083;
			remoteInfo = MR_Mapping_iOS;
		};
		DEBCF4922C17F58B00A9C083 /* PBXContainerItemProxy */ = {
			isa = PBXContainerItemProxy;
			containerPortal = DEBCF46F2C17F58900A9C083 /* Project object */;
			proxyType = 1;
			remoteGlobalIDString = DEBCF4762C17F58900A9C083;
			remoteInfo = MR_Mapping_iOS;
		};
/* End PBXContainerItemProxy section */

/* Begin PBXFileReference section */
		DEBCF4772C17F58900A9C083 /* MR_Mapping_iOS.app */ = {isa = PBXFileReference; explicitFileType = wrapper.application; includeInIndex = 0; path = MR_Mapping_iOS.app; sourceTree = BUILT_PRODUCTS_DIR; };
		DEBCF47A2C17F58900A9C083 /* MR_Mapping_iOSApp.swift */ = {isa = PBXFileReference; lastKnownFileType = sourcecode.swift; path = MR_Mapping_iOSApp.swift; sourceTree = "<group>"; };
		DEBCF47C2C17F58900A9C083 /* ContentView.swift */ = {isa = PBXFileReference; lastKnownFileType = sourcecode.swift; path = ContentView.swift; sourceTree = "<group>"; };
		DEBCF47E2C17F58B00A9C083 /* Assets.xcassets */ = {isa = PBXFileReference; lastKnownFileType = folder.assetcatalog; path = Assets.xcassets; sourceTree = "<group>"; };
		DEBCF4812C17F58B00A9C083 /* Preview Assets.xcassets */ = {isa = PBXFileReference; lastKnownFileType = folder.assetcatalog; path = "Preview Assets.xcassets"; sourceTree = "<group>"; };
		DEBCF4872C17F58B00A9C083 /* MR_Mapping_iOSTests.xctest */ = {isa = PBXFileReference; explicitFileType = wrapper.cfbundle; includeInIndex = 0; path = MR_Mapping_iOSTests.xctest; sourceTree = BUILT_PRODUCTS_DIR; };
		DEBCF48B2C17F58B00A9C083 /* MR_Mapping_iOSTests.swift */ = {isa = PBXFileReference; lastKnownFileType = sourcecode.swift; path = MR_Mapping_iOSTests.swift; sourceTree = "<group>"; };
		DEBCF4912C17F58B00A9C083 /* MR_Mapping_iOSUITests.xctest */ = {isa = PBXFileReference; explicitFileType = wrapper.cfbundle; includeInIndex = 0; path = MR_Mapping_iOSUITests.xctest; sourceTree = BUILT_PRODUCTS_DIR; };
		DEBCF4952C17F58B00A9C083 /* MR_Mapping_iOSUITests.swift */ = {isa = PBXFileReference; lastKnownFileType = sourcecode.swift; path = MR_Mapping_iOSUITests.swift; sourceTree = "<group>"; };
		DEBCF4972C17F58B00A9C083 /* MR_Mapping_iOSUITestsLaunchTests.swift */ = {isa = PBXFileReference; lastKnownFileType = sourcecode.swift; path = MR_Mapping_iOSUITestsLaunchTests.swift; sourceTree = "<group>"; };
		DEBCF4A42C17F5CF00A9C083 /* ViewController.swift */ = {isa = PBXFileReference; lastKnownFileType = sourcecode.swift; path = ViewController.swift; sourceTree = "<group>"; };
		DEBCF4A62C17F71400A9C083 /* TitleView.swift */ = {isa = PBXFileReference; lastKnownFileType = sourcecode.swift; path = TitleView.swift; sourceTree = "<group>"; };
		DEBCF4AA2C1807E200A9C083 /* MR-Mapping-iOS-Info.plist */ = {isa = PBXFileReference; lastKnownFileType = text.plist; path = "MR-Mapping-iOS-Info.plist"; sourceTree = SOURCE_ROOT; };
/* End PBXFileReference section */

/* Begin PBXFrameworksBuildPhase section */
		DEBCF4742C17F58900A9C083 /* Frameworks */ = {
			isa = PBXFrameworksBuildPhase;
			buildActionMask = 2147483647;
			files = (
			);
			runOnlyForDeploymentPostprocessing = 0;
		};
		DEBCF4842C17F58B00A9C083 /* Frameworks */ = {
			isa = PBXFrameworksBuildPhase;
			buildActionMask = 2147483647;
			files = (
			);
			runOnlyForDeploymentPostprocessing = 0;
		};
		DEBCF48E2C17F58B00A9C083 /* Frameworks */ = {
			isa = PBXFrameworksBuildPhase;
			buildActionMask = 2147483647;
			files = (
			);
			runOnlyForDeploymentPostprocessing = 0;
		};
/* End PBXFrameworksBuildPhase section */

/* Begin PBXGroup section */
		DEBCF46E2C17F58900A9C083 = {
			isa = PBXGroup;
			children = (
				DEBCF4792C17F58900A9C083 /* MR_Mapping_iOS */,
				DEBCF48A2C17F58B00A9C083 /* MR_Mapping_iOSTests */,
				DEBCF4942C17F58B00A9C083 /* MR_Mapping_iOSUITests */,
				DEBCF4782C17F58900A9C083 /* Products */,
			);
			sourceTree = "<group>";
		};
		DEBCF4782C17F58900A9C083 /* Products */ = {
			isa = PBXGroup;
			children = (
				DEBCF4772C17F58900A9C083 /* MR_Mapping_iOS.app */,
				DEBCF4872C17F58B00A9C083 /* MR_Mapping_iOSTests.xctest */,
				DEBCF4912C17F58B00A9C083 /* MR_Mapping_iOSUITests.xctest */,
			);
			name = Products;
			sourceTree = "<group>";
		};
		DEBCF4792C17F58900A9C083 /* MR_Mapping_iOS */ = {
			isa = PBXGroup;
			children = (
				DEBCF4AA2C1807E200A9C083 /* MR-Mapping-iOS-Info.plist */,
				DEBCF4A62C17F71400A9C083 /* TitleView.swift */,
				DEBCF47A2C17F58900A9C083 /* MR_Mapping_iOSApp.swift */,
				DEBCF47C2C17F58900A9C083 /* ContentView.swift */,
				DEBCF4A42C17F5CF00A9C083 /* ViewController.swift */,
				DEBCF47E2C17F58B00A9C083 /* Assets.xcassets */,
				DEBCF4802C17F58B00A9C083 /* Preview Content */,
			);
			path = MR_Mapping_iOS;
			sourceTree = "<group>";
		};
		DEBCF4802C17F58B00A9C083 /* Preview Content */ = {
			isa = PBXGroup;
			children = (
				DEBCF4812C17F58B00A9C083 /* Preview Assets.xcassets */,
			);
			path = "Preview Content";
			sourceTree = "<group>";
		};
		DEBCF48A2C17F58B00A9C083 /* MR_Mapping_iOSTests */ = {
			isa = PBXGroup;
			children = (
				DEBCF48B2C17F58B00A9C083 /* MR_Mapping_iOSTests.swift */,
			);
			path = MR_Mapping_iOSTests;
			sourceTree = "<group>";
		};
		DEBCF4942C17F58B00A9C083 /* MR_Mapping_iOSUITests */ = {
			isa = PBXGroup;
			children = (
				DEBCF4952C17F58B00A9C083 /* MR_Mapping_iOSUITests.swift */,
				DEBCF4972C17F58B00A9C083 /* MR_Mapping_iOSUITestsLaunchTests.swift */,
			);
			path = MR_Mapping_iOSUITests;
			sourceTree = "<group>";
		};
/* End PBXGroup section */

/* Begin PBXNativeTarget section */
		DEBCF4762C17F58900A9C083 /* MR_Mapping_iOS */ = {
			isa = PBXNativeTarget;
			buildConfigurationList = DEBCF49B2C17F58B00A9C083 /* Build configuration list for PBXNativeTarget "MR_Mapping_iOS" */;
			buildPhases = (
				DEBCF4732C17F58900A9C083 /* Sources */,
				DEBCF4742C17F58900A9C083 /* Frameworks */,
				DEBCF4752C17F58900A9C083 /* Resources */,
			);
			buildRules = (
			);
			dependencies = (
			);
			name = MR_Mapping_iOS;
			productName = MR_Mapping_iOS;
			productReference = DEBCF4772C17F58900A9C083 /* MR_Mapping_iOS.app */;
			productType = "com.apple.product-type.application";
		};
		DEBCF4862C17F58B00A9C083 /* MR_Mapping_iOSTests */ = {
			isa = PBXNativeTarget;
			buildConfigurationList = DEBCF49E2C17F58B00A9C083 /* Build configuration list for PBXNativeTarget "MR_Mapping_iOSTests" */;
			buildPhases = (
				DEBCF4832C17F58B00A9C083 /* Sources */,
				DEBCF4842C17F58B00A9C083 /* Frameworks */,
				DEBCF4852C17F58B00A9C083 /* Resources */,
			);
			buildRules = (
			);
			dependencies = (
				DEBCF4892C17F58B00A9C083 /* PBXTargetDependency */,
			);
			name = MR_Mapping_iOSTests;
			productName = MR_Mapping_iOSTests;
			productReference = DEBCF4872C17F58B00A9C083 /* MR_Mapping_iOSTests.xctest */;
			productType = "com.apple.product-type.bundle.unit-test";
		};
		DEBCF4902C17F58B00A9C083 /* MR_Mapping_iOSUITests */ = {
			isa = PBXNativeTarget;
			buildConfigurationList = DEBCF4A12C17F58B00A9C083 /* Build configuration list for PBXNativeTarget "MR_Mapping_iOSUITests" */;
			buildPhases = (
				DEBCF48D2C17F58B00A9C083 /* Sources */,
				DEBCF48E2C17F58B00A9C083 /* Frameworks */,
				DEBCF48F2C17F58B00A9C083 /* Resources */,
			);
			buildRules = (
			);
			dependencies = (
				DEBCF4932C17F58B00A9C083 /* PBXTargetDependency */,
			);
			name = MR_Mapping_iOSUITests;
			productName = MR_Mapping_iOSUITests;
			productReference = DEBCF4912C17F58B00A9C083 /* MR_Mapping_iOSUITests.xctest */;
			productType = "com.apple.product-type.bundle.ui-testing";
		};
/* End PBXNativeTarget section */

/* Begin PBXProject section */
		DEBCF46F2C17F58900A9C083 /* Project object */ = {
			isa = PBXProject;
			attributes = {
				BuildIndependentTargetsInParallel = 1;
				LastSwiftUpdateCheck = 1540;
				LastUpgradeCheck = 1540;
				TargetAttributes = {
					DEBCF4762C17F58900A9C083 = {
						CreatedOnToolsVersion = 15.4;
					};
					DEBCF4862C17F58B00A9C083 = {
						CreatedOnToolsVersion = 15.4;
						TestTargetID = DEBCF4762C17F58900A9C083;
					};
					DEBCF4902C17F58B00A9C083 = {
						CreatedOnToolsVersion = 15.4;
						TestTargetID = DEBCF4762C17F58900A9C083;
					};
				};
			};
			buildConfigurationList = DEBCF4722C17F58900A9C083 /* Build configuration list for PBXProject "MR_Mapping_iOS" */;
			compatibilityVersion = "Xcode 14.0";
			developmentRegion = en;
			hasScannedForEncodings = 0;
			knownRegions = (
				en,
				Base,
			);
			mainGroup = DEBCF46E2C17F58900A9C083;
			productRefGroup = DEBCF4782C17F58900A9C083 /* Products */;
			projectDirPath = "";
			projectRoot = "";
			targets = (
				DEBCF4762C17F58900A9C083 /* MR_Mapping_iOS */,
				DEBCF4862C17F58B00A9C083 /* MR_Mapping_iOSTests */,
				DEBCF4902C17F58B00A9C083 /* MR_Mapping_iOSUITests */,
			);
		};
/* End PBXProject section */

/* Begin PBXResourcesBuildPhase section */
		DEBCF4752C17F58900A9C083 /* Resources */ = {
			isa = PBXResourcesBuildPhase;
			buildActionMask = 2147483647;
			files = (
				DEBCF4822C17F58B00A9C083 /* Preview Assets.xcassets in Resources */,
				DEBCF47F2C17F58B00A9C083 /* Assets.xcassets in Resources */,
			);
			runOnlyForDeploymentPostprocessing = 0;
		};
		DEBCF4852C17F58B00A9C083 /* Resources */ = {
			isa = PBXResourcesBuildPhase;
			buildActionMask = 2147483647;
			files = (
			);
			runOnlyForDeploymentPostprocessing = 0;
		};
		DEBCF48F2C17F58B00A9C083 /* Resources */ = {
			isa = PBXResourcesBuildPhase;
			buildActionMask = 2147483647;
			files = (
			);
			runOnlyForDeploymentPostprocessing = 0;
		};
/* End PBXResourcesBuildPhase section */

/* Begin PBXSourcesBuildPhase section */
		DEBCF4732C17F58900A9C083 /* Sources */ = {
			isa = PBXSourcesBuildPhase;
			buildActionMask = 2147483647;
			files = (
				DEBCF4A52C17F5CF00A9C083 /* ViewController.swift in Sources */,
				DEBCF47D2C17F58900A9C083 /* ContentView.swift in Sources */,
				DEBCF47B2C17F58900A9C083 /* MR_Mapping_iOSApp.swift in Sources */,
				DEBCF4A72C17F71400A9C083 /* TitleView.swift in Sources */,
			);
			runOnlyForDeploymentPostprocessing = 0;
		};
		DEBCF4832C17F58B00A9C083 /* Sources */ = {
			isa = PBXSourcesBuildPhase;
			buildActionMask = 2147483647;
			files = (
				DEBCF48C2C17F58B00A9C083 /* MR_Mapping_iOSTests.swift in Sources */,
			);
			runOnlyForDeploymentPostprocessing = 0;
		};
		DEBCF48D2C17F58B00A9C083 /* Sources */ = {
			isa = PBXSourcesBuildPhase;
			buildActionMask = 2147483647;
			files = (
				DEBCF4982C17F58B00A9C083 /* MR_Mapping_iOSUITestsLaunchTests.swift in Sources */,
				DEBCF4962C17F58B00A9C083 /* MR_Mapping_iOSUITests.swift in Sources */,
			);
			runOnlyForDeploymentPostprocessing = 0;
		};
/* End PBXSourcesBuildPhase section */

/* Begin PBXTargetDependency section */
		DEBCF4892C17F58B00A9C083 /* PBXTargetDependency */ = {
			isa = PBXTargetDependency;
			target = DEBCF4762C17F58900A9C083 /* MR_Mapping_iOS */;
			targetProxy = DEBCF4882C17F58B00A9C083 /* PBXContainerItemProxy */;
		};
		DEBCF4932C17F58B00A9C083 /* PBXTargetDependency */ = {
			isa = PBXTargetDependency;
			target = DEBCF4762C17F58900A9C083 /* MR_Mapping_iOS */;
			targetProxy = DEBCF4922C17F58B00A9C083 /* PBXContainerItemProxy */;
		};
/* End PBXTargetDependency section */

/* Begin XCBuildConfiguration section */
		DEBCF4992C17F58B00A9C083 /* Debug */ = {
			isa = XCBuildConfiguration;
			buildSettings = {
				ALWAYS_SEARCH_USER_PATHS = NO;
				ASSETCATALOG_COMPILER_GENERATE_SWIFT_ASSET_SYMBOL_EXTENSIONS = YES;
				CLANG_ANALYZER_NONNULL = YES;
				CLANG_ANALYZER_NUMBER_OBJECT_CONVERSION = YES_AGGRESSIVE;
				CLANG_CXX_LANGUAGE_STANDARD = "gnu++20";
				CLANG_ENABLE_MODULES = YES;
				CLANG_ENABLE_OBJC_ARC = YES;
				CLANG_ENABLE_OBJC_WEAK = YES;
				CLANG_WARN_BLOCK_CAPTURE_AUTORELEASING = YES;
				CLANG_WARN_BOOL_CONVERSION = YES;
				CLANG_WARN_COMMA = YES;
				CLANG_WARN_CONSTANT_CONVERSION = YES;
				CLANG_WARN_DEPRECATED_OBJC_IMPLEMENTATIONS = YES;
				CLANG_WARN_DIRECT_OBJC_ISA_USAGE = YES_ERROR;
				CLANG_WARN_DOCUMENTATION_COMMENTS = YES;
				CLANG_WARN_EMPTY_BODY = YES;
				CLANG_WARN_ENUM_CONVERSION = YES;
				CLANG_WARN_INFINITE_RECURSION = YES;
				CLANG_WARN_INT_CONVERSION = YES;
				CLANG_WARN_NON_LITERAL_NULL_CONVERSION = YES;
				CLANG_WARN_OBJC_IMPLICIT_RETAIN_SELF = YES;
				CLANG_WARN_OBJC_LITERAL_CONVERSION = YES;
				CLANG_WARN_OBJC_ROOT_CLASS = YES_ERROR;
				CLANG_WARN_QUOTED_INCLUDE_IN_FRAMEWORK_HEADER = YES;
				CLANG_WARN_RANGE_LOOP_ANALYSIS = YES;
				CLANG_WARN_STRICT_PROTOTYPES = YES;
				CLANG_WARN_SUSPICIOUS_MOVE = YES;
				CLANG_WARN_UNGUARDED_AVAILABILITY = YES_AGGRESSIVE;
				CLANG_WARN_UNREACHABLE_CODE = YES;
				CLANG_WARN__DUPLICATE_METHOD_MATCH = YES;
				COPY_PHASE_STRIP = NO;
				DEBUG_INFORMATION_FORMAT = dwarf;
				ENABLE_STRICT_OBJC_MSGSEND = YES;
				ENABLE_TESTABILITY = YES;
				ENABLE_USER_SCRIPT_SANDBOXING = YES;
				GCC_C_LANGUAGE_STANDARD = gnu17;
				GCC_DYNAMIC_NO_PIC = NO;
				GCC_NO_COMMON_BLOCKS = YES;
				GCC_OPTIMIZATION_LEVEL = 0;
				GCC_PREPROCESSOR_DEFINITIONS = (
					"DEBUG=1",
					"$(inherited)",
				);
				GCC_WARN_64_TO_32_BIT_CONVERSION = YES;
				GCC_WARN_ABOUT_RETURN_TYPE = YES_ERROR;
				GCC_WARN_UNDECLARED_SELECTOR = YES;
				GCC_WARN_UNINITIALIZED_AUTOS = YES_AGGRESSIVE;
				GCC_WARN_UNUSED_FUNCTION = YES;
				GCC_WARN_UNUSED_VARIABLE = YES;
				IPHONEOS_DEPLOYMENT_TARGET = 17.5;
				LOCALIZATION_PREFERS_STRING_CATALOGS = YES;
				MTL_ENABLE_DEBUG_INFO = INCLUDE_SOURCE;
				MTL_FAST_MATH = YES;
				ONLY_ACTIVE_ARCH = YES;
				SDKROOT = iphoneos;
				SWIFT_ACTIVE_COMPILATION_CONDITIONS = "DEBUG $(inherited)";
				SWIFT_OPTIMIZATION_LEVEL = "-Onone";
			};
			name = Debug;
		};
		DEBCF49A2C17F58B00A9C083 /* Release */ = {
			isa = XCBuildConfiguration;
			buildSettings = {
				ALWAYS_SEARCH_USER_PATHS = NO;
				ASSETCATALOG_COMPILER_GENERATE_SWIFT_ASSET_SYMBOL_EXTENSIONS = YES;
				CLANG_ANALYZER_NONNULL = YES;
				CLANG_ANALYZER_NUMBER_OBJECT_CONVERSION = YES_AGGRESSIVE;
				CLANG_CXX_LANGUAGE_STANDARD = "gnu++20";
				CLANG_ENABLE_MODULES = YES;
				CLANG_ENABLE_OBJC_ARC = YES;
				CLANG_ENABLE_OBJC_WEAK = YES;
				CLANG_WARN_BLOCK_CAPTURE_AUTORELEASING = YES;
				CLANG_WARN_BOOL_CONVERSION = YES;
				CLANG_WARN_COMMA = YES;
				CLANG_WARN_CONSTANT_CONVERSION = YES;
				CLANG_WARN_DEPRECATED_OBJC_IMPLEMENTATIONS = YES;
				CLANG_WARN_DIRECT_OBJC_ISA_USAGE = YES_ERROR;
				CLANG_WARN_DOCUMENTATION_COMMENTS = YES;
				CLANG_WARN_EMPTY_BODY = YES;
				CLANG_WARN_ENUM_CONVERSION = YES;
				CLANG_WARN_INFINITE_RECURSION = YES;
				CLANG_WARN_INT_CONVERSION = YES;
				CLANG_WARN_NON_LITERAL_NULL_CONVERSION = YES;
				CLANG_WARN_OBJC_IMPLICIT_RETAIN_SELF = YES;
				CLANG_WARN_OBJC_LITERAL_CONVERSION = YES;
				CLANG_WARN_OBJC_ROOT_CLASS = YES_ERROR;
				CLANG_WARN_QUOTED_INCLUDE_IN_FRAMEWORK_HEADER = YES;
				CLANG_WARN_RANGE_LOOP_ANALYSIS = YES;
				CLANG_WARN_STRICT_PROTOTYPES = YES;
				CLANG_WARN_SUSPICIOUS_MOVE = YES;
				CLANG_WARN_UNGUARDED_AVAILABILITY = YES_AGGRESSIVE;
				CLANG_WARN_UNREACHABLE_CODE = YES;
				CLANG_WARN__DUPLICATE_METHOD_MATCH = YES;
				COPY_PHASE_STRIP = NO;
				DEBUG_INFORMATION_FORMAT = "dwarf-with-dsym";
				ENABLE_NS_ASSERTIONS = NO;
				ENABLE_STRICT_OBJC_MSGSEND = YES;
				ENABLE_USER_SCRIPT_SANDBOXING = YES;
				GCC_C_LANGUAGE_STANDARD = gnu17;
				GCC_NO_COMMON_BLOCKS = YES;
				GCC_WARN_64_TO_32_BIT_CONVERSION = YES;
				GCC_WARN_ABOUT_RETURN_TYPE = YES_ERROR;
				GCC_WARN_UNDECLARED_SELECTOR = YES;
				GCC_WARN_UNINITIALIZED_AUTOS = YES_AGGRESSIVE;
				GCC_WARN_UNUSED_FUNCTION = YES;
				GCC_WARN_UNUSED_VARIABLE = YES;
				IPHONEOS_DEPLOYMENT_TARGET = 17.5;
				LOCALIZATION_PREFERS_STRING_CATALOGS = YES;
				MTL_ENABLE_DEBUG_INFO = NO;
				MTL_FAST_MATH = YES;
				SDKROOT = iphoneos;
				SWIFT_COMPILATION_MODE = wholemodule;
				VALIDATE_PRODUCT = YES;
			};
			name = Release;
		};
		DEBCF49C2C17F58B00A9C083 /* Debug */ = {
			isa = XCBuildConfiguration;
			buildSettings = {
				ASSETCATALOG_COMPILER_APPICON_NAME = AppIcon;
				ASSETCATALOG_COMPILER_GLOBAL_ACCENT_COLOR_NAME = AccentColor;
				CODE_SIGN_STYLE = Automatic;
				CURRENT_PROJECT_VERSION = 1;
				DEVELOPMENT_ASSET_PATHS = "\"MR_Mapping_iOS/Preview Content\"";
				DEVELOPMENT_TEAM = 5D438V9SF5;
				ENABLE_PREVIEWS = YES;
				GENERATE_INFOPLIST_FILE = YES;
				INFOPLIST_FILE = "MR-Mapping-iOS-Info.plist";
				INFOPLIST_KEY_LSApplicationCategoryType = "";
				INFOPLIST_KEY_UIApplicationSceneManifest_Generation = YES;
				INFOPLIST_KEY_UIApplicationSupportsIndirectInputEvents = YES;
				INFOPLIST_KEY_UILaunchScreen_Generation = YES;
				INFOPLIST_KEY_UISupportedInterfaceOrientations_iPad = "UIInterfaceOrientationPortrait UIInterfaceOrientationPortraitUpsideDown UIInterfaceOrientationLandscapeLeft UIInterfaceOrientationLandscapeRight";
				INFOPLIST_KEY_UISupportedInterfaceOrientations_iPhone = "UIInterfaceOrientationPortrait UIInterfaceOrientationLandscapeLeft UIInterfaceOrientationLandscapeRight";
				LD_RUNPATH_SEARCH_PATHS = (
					"$(inherited)",
					"@executable_path/Frameworks",
				);
				MARKETING_VERSION = 1.0;
				PRODUCT_BUNDLE_IDENTIFIER = "taramanji.MR-Mapping-iOS";
				PRODUCT_NAME = "$(TARGET_NAME)";
				SWIFT_EMIT_LOC_STRINGS = YES;
				SWIFT_VERSION = 5.0;
				TARGETED_DEVICE_FAMILY = "1,2";
			};
			name = Debug;
		};
		DEBCF49D2C17F58B00A9C083 /* Release */ = {
			isa = XCBuildConfiguration;
			buildSettings = {
				ASSETCATALOG_COMPILER_APPICON_NAME = AppIcon;
				ASSETCATALOG_COMPILER_GLOBAL_ACCENT_COLOR_NAME = AccentColor;
				CODE_SIGN_STYLE = Automatic;
				CURRENT_PROJECT_VERSION = 1;
				DEVELOPMENT_ASSET_PATHS = "\"MR_Mapping_iOS/Preview Content\"";
				DEVELOPMENT_TEAM = 5D438V9SF5;
				ENABLE_PREVIEWS = YES;
				GENERATE_INFOPLIST_FILE = YES;
				INFOPLIST_FILE = "MR-Mapping-iOS-Info.plist";
				INFOPLIST_KEY_LSApplicationCategoryType = "";
				INFOPLIST_KEY_UIApplicationSceneManifest_Generation = YES;
				INFOPLIST_KEY_UIApplicationSupportsIndirectInputEvents = YES;
				INFOPLIST_KEY_UILaunchScreen_Generation = YES;
				INFOPLIST_KEY_UISupportedInterfaceOrientations_iPad = "UIInterfaceOrientationPortrait UIInterfaceOrientationPortraitUpsideDown UIInterfaceOrientationLandscapeLeft UIInterfaceOrientationLandscapeRight";
				INFOPLIST_KEY_UISupportedInterfaceOrientations_iPhone = "UIInterfaceOrientationPortrait UIInterfaceOrientationLandscapeLeft UIInterfaceOrientationLandscapeRight";
				LD_RUNPATH_SEARCH_PATHS = (
					"$(inherited)",
					"@executable_path/Frameworks",
				);
				MARKETING_VERSION = 1.0;
				PRODUCT_BUNDLE_IDENTIFIER = "taramanji.MR-Mapping-iOS";
				PRODUCT_NAME = "$(TARGET_NAME)";
				SWIFT_EMIT_LOC_STRINGS = YES;
				SWIFT_VERSION = 5.0;
				TARGETED_DEVICE_FAMILY = "1,2";
			};
			name = Release;
		};
		DEBCF49F2C17F58B00A9C083 /* Debug */ = {
			isa = XCBuildConfiguration;
			buildSettings = {
				ALWAYS_EMBED_SWIFT_STANDARD_LIBRARIES = YES;
				BUNDLE_LOADER = "$(TEST_HOST)";
				CODE_SIGN_STYLE = Automatic;
				CURRENT_PROJECT_VERSION = 1;
				DEVELOPMENT_TEAM = 5D438V9SF5;
				GENERATE_INFOPLIST_FILE = YES;
				IPHONEOS_DEPLOYMENT_TARGET = 17.5;
				MARKETING_VERSION = 1.0;
				PRODUCT_BUNDLE_IDENTIFIER = "taramanji.MR-Mapping-iOSTests";
				PRODUCT_NAME = "$(TARGET_NAME)";
				SWIFT_EMIT_LOC_STRINGS = NO;
				SWIFT_VERSION = 5.0;
				TARGETED_DEVICE_FAMILY = "1,2";
				TEST_HOST = "$(BUILT_PRODUCTS_DIR)/MR_Mapping_iOS.app/$(BUNDLE_EXECUTABLE_FOLDER_PATH)/MR_Mapping_iOS";
			};
			name = Debug;
		};
		DEBCF4A02C17F58B00A9C083 /* Release */ = {
			isa = XCBuildConfiguration;
			buildSettings = {
				ALWAYS_EMBED_SWIFT_STANDARD_LIBRARIES = YES;
				BUNDLE_LOADER = "$(TEST_HOST)";
				CODE_SIGN_STYLE = Automatic;
				CURRENT_PROJECT_VERSION = 1;
				DEVELOPMENT_TEAM = 5D438V9SF5;
				GENERATE_INFOPLIST_FILE = YES;
				IPHONEOS_DEPLOYMENT_TARGET = 17.5;
				MARKETING_VERSION = 1.0;
				PRODUCT_BUNDLE_IDENTIFIER = "taramanji.MR-Mapping-iOSTests";
				PRODUCT_NAME = "$(TARGET_NAME)";
				SWIFT_EMIT_LOC_STRINGS = NO;
				SWIFT_VERSION = 5.0;
				TARGETED_DEVICE_FAMILY = "1,2";
				TEST_HOST = "$(BUILT_PRODUCTS_DIR)/MR_Mapping_iOS.app/$(BUNDLE_EXECUTABLE_FOLDER_PATH)/MR_Mapping_iOS";
			};
			name = Release;
		};
		DEBCF4A22C17F58B00A9C083 /* Debug */ = {
			isa = XCBuildConfiguration;
			buildSettings = {
				ALWAYS_EMBED_SWIFT_STANDARD_LIBRARIES = YES;
				CODE_SIGN_STYLE = Automatic;
				CURRENT_PROJECT_VERSION = 1;
				DEVELOPMENT_TEAM = 5D438V9SF5;
				GENERATE_INFOPLIST_FILE = YES;
				MARKETING_VERSION = 1.0;
				PRODUCT_BUNDLE_IDENTIFIER = "taramanji.MR-Mapping-iOSUITests";
				PRODUCT_NAME = "$(TARGET_NAME)";
				SWIFT_EMIT_LOC_STRINGS = NO;
				SWIFT_VERSION = 5.0;
				TARGETED_DEVICE_FAMILY = "1,2";
				TEST_TARGET_NAME = MR_Mapping_iOS;
			};
			name = Debug;
		};
		DEBCF4A32C17F58B00A9C083 /* Release */ = {
			isa = XCBuildConfiguration;
			buildSettings = {
				ALWAYS_EMBED_SWIFT_STANDARD_LIBRARIES = YES;
				CODE_SIGN_STYLE = Automatic;
				CURRENT_PROJECT_VERSION = 1;
				DEVELOPMENT_TEAM = 5D438V9SF5;
				GENERATE_INFOPLIST_FILE = YES;
				MARKETING_VERSION = 1.0;
				PRODUCT_BUNDLE_IDENTIFIER = "taramanji.MR-Mapping-iOSUITests";
				PRODUCT_NAME = "$(TARGET_NAME)";
				SWIFT_EMIT_LOC_STRINGS = NO;
				SWIFT_VERSION = 5.0;
				TARGETED_DEVICE_FAMILY = "1,2";
				TEST_TARGET_NAME = MR_Mapping_iOS;
			};
			name = Release;
		};
/* End XCBuildConfiguration section */

/* Begin XCConfigurationList section */
		DEBCF4722C17F58900A9C083 /* Build configuration list for PBXProject "MR_Mapping_iOS" */ = {
			isa = XCConfigurationList;
			buildConfigurations = (
				DEBCF4992C17F58B00A9C083 /* Debug */,
				DEBCF49A2C17F58B00A9C083 /* Release */,
			);
			defaultConfigurationIsVisible = 0;
			defaultConfigurationName = Release;
		};
		DEBCF49B2C17F58B00A9C083 /* Build configuration list for PBXNativeTarget "MR_Mapping_iOS" */ = {
			isa = XCConfigurationList;
			buildConfigurations = (
				DEBCF49C2C17F58B00A9C083 /* Debug */,
				DEBCF49D2C17F58B00A9C083 /* Release */,
			);
			defaultConfigurationIsVisible = 0;
			defaultConfigurationName = Release;
		};
		DEBCF49E2C17F58B00A9C083 /* Build configuration list for PBXNativeTarget "MR_Mapping_iOSTests" */ = {
			isa = XCConfigurationList;
			buildConfigurations = (
				DEBCF49F2C17F58B00A9C083 /* Debug */,
				DEBCF4A02C17F58B00A9C083 /* Release */,
			);
			defaultConfigurationIsVisible = 0;
			defaultConfigurationName = Release;
		};
		DEBCF4A12C17F58B00A9C083 /* Build configuration list for PBXNativeTarget "MR_Mapping_iOSUITests" */ = {
			isa = XCConfigurationList;
			buildConfigurations = (
				DEBCF4A22C17F58B00A9C083 /* Debug */,
				DEBCF4A32C17F58B00A9C083 /* Release */,
			);
			defaultConfigurationIsVisible = 0;
			defaultConfigurationName = Release;
		};
/* End XCConfigurationList section */
	};
	rootObject = DEBCF46F2C17F58900A9C083 /* Project object */;
}
