// !$*UTF8*$!
{
	archiveVersion = 1;
	classes = {
	};
	objectVersion = 56;
	objects = {

/* Begin PBXBuildFile section */
		DE1F0CC32BD25F3F0028316E /* Navi.swift in Sources */ = {isa = PBXBuildFile; fileRef = DE1F0CC22BD25F3F0028316E /* Navi.swift */; };
		DE1F0CC52BD260550028316E /* NaviModelContoroller.swift in Sources */ = {isa = PBXBuildFile; fileRef = DE1F0CC42BD260550028316E /* NaviModelContoroller.swift */; };
		DECA3ED02BD28FF9002BD755 /* PopupView.swift in Sources */ = {isa = PBXBuildFile; fileRef = DECA3ECF2BD28FF9002BD755 /* PopupView.swift */; };
		DED86E3F2BCE70350036D5D9 /* MR_Mapping_iOSApp.swift in Sources */ = {isa = PBXBuildFile; fileRef = DED86E3E2BCE70350036D5D9 /* MR_Mapping_iOSApp.swift */; };
		DED86E412BCE70350036D5D9 /* ContentView.swift in Sources */ = {isa = PBXBuildFile; fileRef = DED86E402BCE70350036D5D9 /* ContentView.swift */; };
		DED86E432BCE70350036D5D9 /* Assets.xcassets in Resources */ = {isa = PBXBuildFile; fileRef = DED86E422BCE70350036D5D9 /* Assets.xcassets */; };
		DED86E462BCE70350036D5D9 /* Preview Assets.xcassets in Resources */ = {isa = PBXBuildFile; fileRef = DED86E452BCE70350036D5D9 /* Preview Assets.xcassets */; };
		DED86E502BCE70360036D5D9 /* MR_Mapping_iOSTests.swift in Sources */ = {isa = PBXBuildFile; fileRef = DED86E4F2BCE70360036D5D9 /* MR_Mapping_iOSTests.swift */; };
		DED86E5A2BCE70360036D5D9 /* MR_Mapping_iOSUITests.swift in Sources */ = {isa = PBXBuildFile; fileRef = DED86E592BCE70360036D5D9 /* MR_Mapping_iOSUITests.swift */; };
		DED86E5C2BCE70360036D5D9 /* MR_Mapping_iOSUITestsLaunchTests.swift in Sources */ = {isa = PBXBuildFile; fileRef = DED86E5B2BCE70360036D5D9 /* MR_Mapping_iOSUITestsLaunchTests.swift */; };
		DED86E692BCE70C80036D5D9 /* APIClient.swift in Sources */ = {isa = PBXBuildFile; fileRef = DED86E682BCE70C80036D5D9 /* APIClient.swift */; };
		DED86E6B2BCE70EF0036D5D9 /* LoginViewController.swift in Sources */ = {isa = PBXBuildFile; fileRef = DED86E6A2BCE70EF0036D5D9 /* LoginViewController.swift */; };
		DED86E6D2BCE73A80036D5D9 /* RegisterViewController.swift in Sources */ = {isa = PBXBuildFile; fileRef = DED86E6C2BCE73A80036D5D9 /* RegisterViewController.swift */; };
		DED86E6F2BCE73C70036D5D9 /* RoomModelController.swift in Sources */ = {isa = PBXBuildFile; fileRef = DED86E6E2BCE73C70036D5D9 /* RoomModelController.swift */; };
		DED86E712BCE73DE0036D5D9 /* Room.swift in Sources */ = {isa = PBXBuildFile; fileRef = DED86E702BCE73DE0036D5D9 /* Room.swift */; };
/* End PBXBuildFile section */

/* Begin PBXContainerItemProxy section */
		DED86E4C2BCE70360036D5D9 /* PBXContainerItemProxy */ = {
			isa = PBXContainerItemProxy;
			containerPortal = DED86E332BCE70350036D5D9 /* Project object */;
			proxyType = 1;
			remoteGlobalIDString = DED86E3A2BCE70350036D5D9;
			remoteInfo = MR_Mapping_iOS;
		};
		DED86E562BCE70360036D5D9 /* PBXContainerItemProxy */ = {
			isa = PBXContainerItemProxy;
			containerPortal = DED86E332BCE70350036D5D9 /* Project object */;
			proxyType = 1;
			remoteGlobalIDString = DED86E3A2BCE70350036D5D9;
			remoteInfo = MR_Mapping_iOS;
		};
/* End PBXContainerItemProxy section */

/* Begin PBXFileReference section */
		DE1F0CC22BD25F3F0028316E /* Navi.swift */ = {isa = PBXFileReference; lastKnownFileType = sourcecode.swift; path = Navi.swift; sourceTree = "<group>"; };
		DE1F0CC42BD260550028316E /* NaviModelContoroller.swift */ = {isa = PBXFileReference; lastKnownFileType = sourcecode.swift; path = NaviModelContoroller.swift; sourceTree = "<group>"; };
		DECA3ECF2BD28FF9002BD755 /* PopupView.swift */ = {isa = PBXFileReference; lastKnownFileType = sourcecode.swift; path = PopupView.swift; sourceTree = "<group>"; };
		DED86E3B2BCE70350036D5D9 /* MR_Mapping_iOS.app */ = {isa = PBXFileReference; explicitFileType = wrapper.application; includeInIndex = 0; path = MR_Mapping_iOS.app; sourceTree = BUILT_PRODUCTS_DIR; };
		DED86E3E2BCE70350036D5D9 /* MR_Mapping_iOSApp.swift */ = {isa = PBXFileReference; lastKnownFileType = sourcecode.swift; path = MR_Mapping_iOSApp.swift; sourceTree = "<group>"; };
		DED86E402BCE70350036D5D9 /* ContentView.swift */ = {isa = PBXFileReference; lastKnownFileType = sourcecode.swift; path = ContentView.swift; sourceTree = "<group>"; };
		DED86E422BCE70350036D5D9 /* Assets.xcassets */ = {isa = PBXFileReference; lastKnownFileType = folder.assetcatalog; path = Assets.xcassets; sourceTree = "<group>"; };
		DED86E452BCE70350036D5D9 /* Preview Assets.xcassets */ = {isa = PBXFileReference; lastKnownFileType = folder.assetcatalog; path = "Preview Assets.xcassets"; sourceTree = "<group>"; };
		DED86E4B2BCE70360036D5D9 /* MR_Mapping_iOSTests.xctest */ = {isa = PBXFileReference; explicitFileType = wrapper.cfbundle; includeInIndex = 0; path = MR_Mapping_iOSTests.xctest; sourceTree = BUILT_PRODUCTS_DIR; };
		DED86E4F2BCE70360036D5D9 /* MR_Mapping_iOSTests.swift */ = {isa = PBXFileReference; lastKnownFileType = sourcecode.swift; path = MR_Mapping_iOSTests.swift; sourceTree = "<group>"; };
		DED86E552BCE70360036D5D9 /* MR_Mapping_iOSUITests.xctest */ = {isa = PBXFileReference; explicitFileType = wrapper.cfbundle; includeInIndex = 0; path = MR_Mapping_iOSUITests.xctest; sourceTree = BUILT_PRODUCTS_DIR; };
		DED86E592BCE70360036D5D9 /* MR_Mapping_iOSUITests.swift */ = {isa = PBXFileReference; lastKnownFileType = sourcecode.swift; path = MR_Mapping_iOSUITests.swift; sourceTree = "<group>"; };
		DED86E5B2BCE70360036D5D9 /* MR_Mapping_iOSUITestsLaunchTests.swift */ = {isa = PBXFileReference; lastKnownFileType = sourcecode.swift; path = MR_Mapping_iOSUITestsLaunchTests.swift; sourceTree = "<group>"; };
		DED86E682BCE70C80036D5D9 /* APIClient.swift */ = {isa = PBXFileReference; lastKnownFileType = sourcecode.swift; path = APIClient.swift; sourceTree = "<group>"; };
		DED86E6A2BCE70EF0036D5D9 /* LoginViewController.swift */ = {isa = PBXFileReference; lastKnownFileType = sourcecode.swift; path = LoginViewController.swift; sourceTree = "<group>"; };
		DED86E6C2BCE73A80036D5D9 /* RegisterViewController.swift */ = {isa = PBXFileReference; lastKnownFileType = sourcecode.swift; path = RegisterViewController.swift; sourceTree = "<group>"; };
		DED86E6E2BCE73C70036D5D9 /* RoomModelController.swift */ = {isa = PBXFileReference; lastKnownFileType = sourcecode.swift; path = RoomModelController.swift; sourceTree = "<group>"; };
		DED86E702BCE73DE0036D5D9 /* Room.swift */ = {isa = PBXFileReference; lastKnownFileType = sourcecode.swift; path = Room.swift; sourceTree = "<group>"; };
/* End PBXFileReference section */

/* Begin PBXFrameworksBuildPhase section */
		DED86E382BCE70350036D5D9 /* Frameworks */ = {
			isa = PBXFrameworksBuildPhase;
			buildActionMask = 2147483647;
			files = (
			);
			runOnlyForDeploymentPostprocessing = 0;
		};
		DED86E482BCE70360036D5D9 /* Frameworks */ = {
			isa = PBXFrameworksBuildPhase;
			buildActionMask = 2147483647;
			files = (
			);
			runOnlyForDeploymentPostprocessing = 0;
		};
		DED86E522BCE70360036D5D9 /* Frameworks */ = {
			isa = PBXFrameworksBuildPhase;
			buildActionMask = 2147483647;
			files = (
			);
			runOnlyForDeploymentPostprocessing = 0;
		};
/* End PBXFrameworksBuildPhase section */

/* Begin PBXGroup section */
		DED86E322BCE70350036D5D9 = {
			isa = PBXGroup;
			children = (
				DED86E3D2BCE70350036D5D9 /* MR_Mapping_iOS */,
				DED86E4E2BCE70360036D5D9 /* MR_Mapping_iOSTests */,
				DED86E582BCE70360036D5D9 /* MR_Mapping_iOSUITests */,
				DED86E3C2BCE70350036D5D9 /* Products */,
			);
			sourceTree = "<group>";
		};
		DED86E3C2BCE70350036D5D9 /* Products */ = {
			isa = PBXGroup;
			children = (
				DED86E3B2BCE70350036D5D9 /* MR_Mapping_iOS.app */,
				DED86E4B2BCE70360036D5D9 /* MR_Mapping_iOSTests.xctest */,
				DED86E552BCE70360036D5D9 /* MR_Mapping_iOSUITests.xctest */,
			);
			name = Products;
			sourceTree = "<group>";
		};
		DED86E3D2BCE70350036D5D9 /* MR_Mapping_iOS */ = {
			isa = PBXGroup;
			children = (
				DED86E6E2BCE73C70036D5D9 /* RoomModelController.swift */,
				DED86E702BCE73DE0036D5D9 /* Room.swift */,
				DE1F0CC22BD25F3F0028316E /* Navi.swift */,
				DE1F0CC42BD260550028316E /* NaviModelContoroller.swift */,
				DED86E3E2BCE70350036D5D9 /* MR_Mapping_iOSApp.swift */,
				DED86E682BCE70C80036D5D9 /* APIClient.swift */,
				DED86E6A2BCE70EF0036D5D9 /* LoginViewController.swift */,
				DED86E6C2BCE73A80036D5D9 /* RegisterViewController.swift */,
				DED86E402BCE70350036D5D9 /* ContentView.swift */,
				DECA3ECF2BD28FF9002BD755 /* PopupView.swift */,
				DED86E422BCE70350036D5D9 /* Assets.xcassets */,
				DED86E442BCE70350036D5D9 /* Preview Content */,
			);
			path = MR_Mapping_iOS;
			sourceTree = "<group>";
		};
		DED86E442BCE70350036D5D9 /* Preview Content */ = {
			isa = PBXGroup;
			children = (
				DED86E452BCE70350036D5D9 /* Preview Assets.xcassets */,
			);
			path = "Preview Content";
			sourceTree = "<group>";
		};
		DED86E4E2BCE70360036D5D9 /* MR_Mapping_iOSTests */ = {
			isa = PBXGroup;
			children = (
				DED86E4F2BCE70360036D5D9 /* MR_Mapping_iOSTests.swift */,
			);
			path = MR_Mapping_iOSTests;
			sourceTree = "<group>";
		};
		DED86E582BCE70360036D5D9 /* MR_Mapping_iOSUITests */ = {
			isa = PBXGroup;
			children = (
				DED86E592BCE70360036D5D9 /* MR_Mapping_iOSUITests.swift */,
				DED86E5B2BCE70360036D5D9 /* MR_Mapping_iOSUITestsLaunchTests.swift */,
			);
			path = MR_Mapping_iOSUITests;
			sourceTree = "<group>";
		};
/* End PBXGroup section */

/* Begin PBXNativeTarget section */
		DED86E3A2BCE70350036D5D9 /* MR_Mapping_iOS */ = {
			isa = PBXNativeTarget;
			buildConfigurationList = DED86E5F2BCE70360036D5D9 /* Build configuration list for PBXNativeTarget "MR_Mapping_iOS" */;
			buildPhases = (
				DED86E372BCE70350036D5D9 /* Sources */,
				DED86E382BCE70350036D5D9 /* Frameworks */,
				DED86E392BCE70350036D5D9 /* Resources */,
			);
			buildRules = (
			);
			dependencies = (
			);
			name = MR_Mapping_iOS;
			productName = MR_Mapping_iOS;
			productReference = DED86E3B2BCE70350036D5D9 /* MR_Mapping_iOS.app */;
			productType = "com.apple.product-type.application";
		};
		DED86E4A2BCE70360036D5D9 /* MR_Mapping_iOSTests */ = {
			isa = PBXNativeTarget;
			buildConfigurationList = DED86E622BCE70360036D5D9 /* Build configuration list for PBXNativeTarget "MR_Mapping_iOSTests" */;
			buildPhases = (
				DED86E472BCE70360036D5D9 /* Sources */,
				DED86E482BCE70360036D5D9 /* Frameworks */,
				DED86E492BCE70360036D5D9 /* Resources */,
			);
			buildRules = (
			);
			dependencies = (
				DED86E4D2BCE70360036D5D9 /* PBXTargetDependency */,
			);
			name = MR_Mapping_iOSTests;
			productName = MR_Mapping_iOSTests;
			productReference = DED86E4B2BCE70360036D5D9 /* MR_Mapping_iOSTests.xctest */;
			productType = "com.apple.product-type.bundle.unit-test";
		};
		DED86E542BCE70360036D5D9 /* MR_Mapping_iOSUITests */ = {
			isa = PBXNativeTarget;
			buildConfigurationList = DED86E652BCE70360036D5D9 /* Build configuration list for PBXNativeTarget "MR_Mapping_iOSUITests" */;
			buildPhases = (
				DED86E512BCE70360036D5D9 /* Sources */,
				DED86E522BCE70360036D5D9 /* Frameworks */,
				DED86E532BCE70360036D5D9 /* Resources */,
			);
			buildRules = (
			);
			dependencies = (
				DED86E572BCE70360036D5D9 /* PBXTargetDependency */,
			);
			name = MR_Mapping_iOSUITests;
			productName = MR_Mapping_iOSUITests;
			productReference = DED86E552BCE70360036D5D9 /* MR_Mapping_iOSUITests.xctest */;
			productType = "com.apple.product-type.bundle.ui-testing";
		};
/* End PBXNativeTarget section */

/* Begin PBXProject section */
		DED86E332BCE70350036D5D9 /* Project object */ = {
			isa = PBXProject;
			attributes = {
				BuildIndependentTargetsInParallel = 1;
				LastSwiftUpdateCheck = 1530;
				LastUpgradeCheck = 1530;
				TargetAttributes = {
					DED86E3A2BCE70350036D5D9 = {
						CreatedOnToolsVersion = 15.3;
					};
					DED86E4A2BCE70360036D5D9 = {
						CreatedOnToolsVersion = 15.3;
						TestTargetID = DED86E3A2BCE70350036D5D9;
					};
					DED86E542BCE70360036D5D9 = {
						CreatedOnToolsVersion = 15.3;
						TestTargetID = DED86E3A2BCE70350036D5D9;
					};
				};
			};
			buildConfigurationList = DED86E362BCE70350036D5D9 /* Build configuration list for PBXProject "MR_Mapping_iOS" */;
			compatibilityVersion = "Xcode 14.0";
			developmentRegion = en;
			hasScannedForEncodings = 0;
			knownRegions = (
				en,
				Base,
			);
			mainGroup = DED86E322BCE70350036D5D9;
			productRefGroup = DED86E3C2BCE70350036D5D9 /* Products */;
			projectDirPath = "";
			projectRoot = "";
			targets = (
				DED86E3A2BCE70350036D5D9 /* MR_Mapping_iOS */,
				DED86E4A2BCE70360036D5D9 /* MR_Mapping_iOSTests */,
				DED86E542BCE70360036D5D9 /* MR_Mapping_iOSUITests */,
			);
		};
/* End PBXProject section */

/* Begin PBXResourcesBuildPhase section */
		DED86E392BCE70350036D5D9 /* Resources */ = {
			isa = PBXResourcesBuildPhase;
			buildActionMask = 2147483647;
			files = (
				DED86E462BCE70350036D5D9 /* Preview Assets.xcassets in Resources */,
				DED86E432BCE70350036D5D9 /* Assets.xcassets in Resources */,
			);
			runOnlyForDeploymentPostprocessing = 0;
		};
		DED86E492BCE70360036D5D9 /* Resources */ = {
			isa = PBXResourcesBuildPhase;
			buildActionMask = 2147483647;
			files = (
			);
			runOnlyForDeploymentPostprocessing = 0;
		};
		DED86E532BCE70360036D5D9 /* Resources */ = {
			isa = PBXResourcesBuildPhase;
			buildActionMask = 2147483647;
			files = (
			);
			runOnlyForDeploymentPostprocessing = 0;
		};
/* End PBXResourcesBuildPhase section */

/* Begin PBXSourcesBuildPhase section */
		DED86E372BCE70350036D5D9 /* Sources */ = {
			isa = PBXSourcesBuildPhase;
			buildActionMask = 2147483647;
			files = (
				DED86E6F2BCE73C70036D5D9 /* RoomModelController.swift in Sources */,
				DED86E6B2BCE70EF0036D5D9 /* LoginViewController.swift in Sources */,
				DED86E712BCE73DE0036D5D9 /* Room.swift in Sources */,
				DECA3ED02BD28FF9002BD755 /* PopupView.swift in Sources */,
				DE1F0CC32BD25F3F0028316E /* Navi.swift in Sources */,
				DED86E6D2BCE73A80036D5D9 /* RegisterViewController.swift in Sources */,
				DED86E412BCE70350036D5D9 /* ContentView.swift in Sources */,
				DED86E3F2BCE70350036D5D9 /* MR_Mapping_iOSApp.swift in Sources */,
				DE1F0CC52BD260550028316E /* NaviModelContoroller.swift in Sources */,
				DED86E692BCE70C80036D5D9 /* APIClient.swift in Sources */,
			);
			runOnlyForDeploymentPostprocessing = 0;
		};
		DED86E472BCE70360036D5D9 /* Sources */ = {
			isa = PBXSourcesBuildPhase;
			buildActionMask = 2147483647;
			files = (
				DED86E502BCE70360036D5D9 /* MR_Mapping_iOSTests.swift in Sources */,
			);
			runOnlyForDeploymentPostprocessing = 0;
		};
		DED86E512BCE70360036D5D9 /* Sources */ = {
			isa = PBXSourcesBuildPhase;
			buildActionMask = 2147483647;
			files = (
				DED86E5C2BCE70360036D5D9 /* MR_Mapping_iOSUITestsLaunchTests.swift in Sources */,
				DED86E5A2BCE70360036D5D9 /* MR_Mapping_iOSUITests.swift in Sources */,
			);
			runOnlyForDeploymentPostprocessing = 0;
		};
/* End PBXSourcesBuildPhase section */

/* Begin PBXTargetDependency section */
		DED86E4D2BCE70360036D5D9 /* PBXTargetDependency */ = {
			isa = PBXTargetDependency;
			target = DED86E3A2BCE70350036D5D9 /* MR_Mapping_iOS */;
			targetProxy = DED86E4C2BCE70360036D5D9 /* PBXContainerItemProxy */;
		};
		DED86E572BCE70360036D5D9 /* PBXTargetDependency */ = {
			isa = PBXTargetDependency;
			target = DED86E3A2BCE70350036D5D9 /* MR_Mapping_iOS */;
			targetProxy = DED86E562BCE70360036D5D9 /* PBXContainerItemProxy */;
		};
/* End PBXTargetDependency section */

/* Begin XCBuildConfiguration section */
		DED86E5D2BCE70360036D5D9 /* Debug */ = {
			isa = XCBuildConfiguration;
			buildSettings = {
				ALWAYS_SEARCH_USER_PATHS = NO;
				ASSETCATALOG_COMPILER_GENERATE_SWIFT_ASSET_SYMBOL_EXTENSIONS = YES;
				CLANG_ANALYZER_NONNULL = YES;
				CLANG_ANALYZER_NUMBER_OBJECT_CONVERSION = YES_AGGRESSIVE;
				CLANG_CXX_LANGUAGE_STANDARD = "gnu++20";
				CLANG_ENABLE_MODULES = YES;
				CLANG_ENABLE_OBJC_ARC = YES;
				CLANG_ENABLE_OBJC_WEAK = YES;
				CLANG_WARN_BLOCK_CAPTURE_AUTORELEASING = YES;
				CLANG_WARN_BOOL_CONVERSION = YES;
				CLANG_WARN_COMMA = YES;
				CLANG_WARN_CONSTANT_CONVERSION = YES;
				CLANG_WARN_DEPRECATED_OBJC_IMPLEMENTATIONS = YES;
				CLANG_WARN_DIRECT_OBJC_ISA_USAGE = YES_ERROR;
				CLANG_WARN_DOCUMENTATION_COMMENTS = YES;
				CLANG_WARN_EMPTY_BODY = YES;
				CLANG_WARN_ENUM_CONVERSION = YES;
				CLANG_WARN_INFINITE_RECURSION = YES;
				CLANG_WARN_INT_CONVERSION = YES;
				CLANG_WARN_NON_LITERAL_NULL_CONVERSION = YES;
				CLANG_WARN_OBJC_IMPLICIT_RETAIN_SELF = YES;
				CLANG_WARN_OBJC_LITERAL_CONVERSION = YES;
				CLANG_WARN_OBJC_ROOT_CLASS = YES_ERROR;
				CLANG_WARN_QUOTED_INCLUDE_IN_FRAMEWORK_HEADER = YES;
				CLANG_WARN_RANGE_LOOP_ANALYSIS = YES;
				CLANG_WARN_STRICT_PROTOTYPES = YES;
				CLANG_WARN_SUSPICIOUS_MOVE = YES;
				CLANG_WARN_UNGUARDED_AVAILABILITY = YES_AGGRESSIVE;
				CLANG_WARN_UNREACHABLE_CODE = YES;
				CLANG_WARN__DUPLICATE_METHOD_MATCH = YES;
				COPY_PHASE_STRIP = NO;
				DEBUG_INFORMATION_FORMAT = dwarf;
				ENABLE_STRICT_OBJC_MSGSEND = YES;
				ENABLE_TESTABILITY = YES;
				ENABLE_USER_SCRIPT_SANDBOXING = YES;
				GCC_C_LANGUAGE_STANDARD = gnu17;
				GCC_DYNAMIC_NO_PIC = NO;
				GCC_NO_COMMON_BLOCKS = YES;
				GCC_OPTIMIZATION_LEVEL = 0;
				GCC_PREPROCESSOR_DEFINITIONS = (
					"DEBUG=1",
					"$(inherited)",
				);
				GCC_WARN_64_TO_32_BIT_CONVERSION = YES;
				GCC_WARN_ABOUT_RETURN_TYPE = YES_ERROR;
				GCC_WARN_UNDECLARED_SELECTOR = YES;
				GCC_WARN_UNINITIALIZED_AUTOS = YES_AGGRESSIVE;
				GCC_WARN_UNUSED_FUNCTION = YES;
				GCC_WARN_UNUSED_VARIABLE = YES;
				IPHONEOS_DEPLOYMENT_TARGET = 17.4;
				LOCALIZATION_PREFERS_STRING_CATALOGS = YES;
				MTL_ENABLE_DEBUG_INFO = INCLUDE_SOURCE;
				MTL_FAST_MATH = YES;
				ONLY_ACTIVE_ARCH = YES;
				SDKROOT = iphoneos;
				SWIFT_ACTIVE_COMPILATION_CONDITIONS = "DEBUG $(inherited)";
				SWIFT_OPTIMIZATION_LEVEL = "-Onone";
			};
			name = Debug;
		};
		DED86E5E2BCE70360036D5D9 /* Release */ = {
			isa = XCBuildConfiguration;
			buildSettings = {
				ALWAYS_SEARCH_USER_PATHS = NO;
				ASSETCATALOG_COMPILER_GENERATE_SWIFT_ASSET_SYMBOL_EXTENSIONS = YES;
				CLANG_ANALYZER_NONNULL = YES;
				CLANG_ANALYZER_NUMBER_OBJECT_CONVERSION = YES_AGGRESSIVE;
				CLANG_CXX_LANGUAGE_STANDARD = "gnu++20";
				CLANG_ENABLE_MODULES = YES;
				CLANG_ENABLE_OBJC_ARC = YES;
				CLANG_ENABLE_OBJC_WEAK = YES;
				CLANG_WARN_BLOCK_CAPTURE_AUTORELEASING = YES;
				CLANG_WARN_BOOL_CONVERSION = YES;
				CLANG_WARN_COMMA = YES;
				CLANG_WARN_CONSTANT_CONVERSION = YES;
				CLANG_WARN_DEPRECATED_OBJC_IMPLEMENTATIONS = YES;
				CLANG_WARN_DIRECT_OBJC_ISA_USAGE = YES_ERROR;
				CLANG_WARN_DOCUMENTATION_COMMENTS = YES;
				CLANG_WARN_EMPTY_BODY = YES;
				CLANG_WARN_ENUM_CONVERSION = YES;
				CLANG_WARN_INFINITE_RECURSION = YES;
				CLANG_WARN_INT_CONVERSION = YES;
				CLANG_WARN_NON_LITERAL_NULL_CONVERSION = YES;
				CLANG_WARN_OBJC_IMPLICIT_RETAIN_SELF = YES;
				CLANG_WARN_OBJC_LITERAL_CONVERSION = YES;
				CLANG_WARN_OBJC_ROOT_CLASS = YES_ERROR;
				CLANG_WARN_QUOTED_INCLUDE_IN_FRAMEWORK_HEADER = YES;
				CLANG_WARN_RANGE_LOOP_ANALYSIS = YES;
				CLANG_WARN_STRICT_PROTOTYPES = YES;
				CLANG_WARN_SUSPICIOUS_MOVE = YES;
				CLANG_WARN_UNGUARDED_AVAILABILITY = YES_AGGRESSIVE;
				CLANG_WARN_UNREACHABLE_CODE = YES;
				CLANG_WARN__DUPLICATE_METHOD_MATCH = YES;
				COPY_PHASE_STRIP = NO;
				DEBUG_INFORMATION_FORMAT = "dwarf-with-dsym";
				ENABLE_NS_ASSERTIONS = NO;
				ENABLE_STRICT_OBJC_MSGSEND = YES;
				ENABLE_USER_SCRIPT_SANDBOXING = YES;
				GCC_C_LANGUAGE_STANDARD = gnu17;
				GCC_NO_COMMON_BLOCKS = YES;
				GCC_WARN_64_TO_32_BIT_CONVERSION = YES;
				GCC_WARN_ABOUT_RETURN_TYPE = YES_ERROR;
				GCC_WARN_UNDECLARED_SELECTOR = YES;
				GCC_WARN_UNINITIALIZED_AUTOS = YES_AGGRESSIVE;
				GCC_WARN_UNUSED_FUNCTION = YES;
				GCC_WARN_UNUSED_VARIABLE = YES;
				IPHONEOS_DEPLOYMENT_TARGET = 17.4;
				LOCALIZATION_PREFERS_STRING_CATALOGS = YES;
				MTL_ENABLE_DEBUG_INFO = NO;
				MTL_FAST_MATH = YES;
				SDKROOT = iphoneos;
				SWIFT_COMPILATION_MODE = wholemodule;
				VALIDATE_PRODUCT = YES;
			};
			name = Release;
		};
		DED86E602BCE70360036D5D9 /* Debug */ = {
			isa = XCBuildConfiguration;
			buildSettings = {
				ASSETCATALOG_COMPILER_APPICON_NAME = AppIcon;
				ASSETCATALOG_COMPILER_GLOBAL_ACCENT_COLOR_NAME = AccentColor;
				CODE_SIGN_STYLE = Automatic;
				CURRENT_PROJECT_VERSION = 1;
				DEVELOPMENT_ASSET_PATHS = "\"MR_Mapping_iOS/Preview Content\"";
				DEVELOPMENT_TEAM = 5D438V9SF5;
				ENABLE_PREVIEWS = YES;
				GENERATE_INFOPLIST_FILE = YES;
				INFOPLIST_KEY_UIApplicationSceneManifest_Generation = YES;
				INFOPLIST_KEY_UIApplicationSupportsIndirectInputEvents = YES;
				INFOPLIST_KEY_UILaunchScreen_Generation = YES;
				INFOPLIST_KEY_UISupportedInterfaceOrientations_iPad = "UIInterfaceOrientationPortrait UIInterfaceOrientationPortraitUpsideDown UIInterfaceOrientationLandscapeLeft UIInterfaceOrientationLandscapeRight";
				INFOPLIST_KEY_UISupportedInterfaceOrientations_iPhone = "UIInterfaceOrientationPortrait UIInterfaceOrientationLandscapeLeft UIInterfaceOrientationLandscapeRight";
				LD_RUNPATH_SEARCH_PATHS = (
					"$(inherited)",
					"@executable_path/Frameworks",
				);
				MARKETING_VERSION = 1.0;
				PRODUCT_BUNDLE_IDENTIFIER = "taramanji.MR-Mapping-iOS";
				PRODUCT_NAME = "$(TARGET_NAME)";
				SWIFT_EMIT_LOC_STRINGS = YES;
				SWIFT_VERSION = 5.0;
				TARGETED_DEVICE_FAMILY = "1,2";
			};
			name = Debug;
		};
		DED86E612BCE70360036D5D9 /* Release */ = {
			isa = XCBuildConfiguration;
			buildSettings = {
				ASSETCATALOG_COMPILER_APPICON_NAME = AppIcon;
				ASSETCATALOG_COMPILER_GLOBAL_ACCENT_COLOR_NAME = AccentColor;
				CODE_SIGN_STYLE = Automatic;
				CURRENT_PROJECT_VERSION = 1;
				DEVELOPMENT_ASSET_PATHS = "\"MR_Mapping_iOS/Preview Content\"";
				DEVELOPMENT_TEAM = 5D438V9SF5;
				ENABLE_PREVIEWS = YES;
				GENERATE_INFOPLIST_FILE = YES;
				INFOPLIST_KEY_UIApplicationSceneManifest_Generation = YES;
				INFOPLIST_KEY_UIApplicationSupportsIndirectInputEvents = YES;
				INFOPLIST_KEY_UILaunchScreen_Generation = YES;
				INFOPLIST_KEY_UISupportedInterfaceOrientations_iPad = "UIInterfaceOrientationPortrait UIInterfaceOrientationPortraitUpsideDown UIInterfaceOrientationLandscapeLeft UIInterfaceOrientationLandscapeRight";
				INFOPLIST_KEY_UISupportedInterfaceOrientations_iPhone = "UIInterfaceOrientationPortrait UIInterfaceOrientationLandscapeLeft UIInterfaceOrientationLandscapeRight";
				LD_RUNPATH_SEARCH_PATHS = (
					"$(inherited)",
					"@executable_path/Frameworks",
				);
				MARKETING_VERSION = 1.0;
				PRODUCT_BUNDLE_IDENTIFIER = "taramanji.MR-Mapping-iOS";
				PRODUCT_NAME = "$(TARGET_NAME)";
				SWIFT_EMIT_LOC_STRINGS = YES;
				SWIFT_VERSION = 5.0;
				TARGETED_DEVICE_FAMILY = "1,2";
			};
			name = Release;
		};
		DED86E632BCE70360036D5D9 /* Debug */ = {
			isa = XCBuildConfiguration;
			buildSettings = {
				ALWAYS_EMBED_SWIFT_STANDARD_LIBRARIES = YES;
				BUNDLE_LOADER = "$(TEST_HOST)";
				CODE_SIGN_STYLE = Automatic;
				CURRENT_PROJECT_VERSION = 1;
				DEVELOPMENT_TEAM = 5D438V9SF5;
				GENERATE_INFOPLIST_FILE = YES;
				IPHONEOS_DEPLOYMENT_TARGET = 17.4;
				MARKETING_VERSION = 1.0;
				PRODUCT_BUNDLE_IDENTIFIER = "taramanji.MR-Mapping-iOSTests";
				PRODUCT_NAME = "$(TARGET_NAME)";
				SWIFT_EMIT_LOC_STRINGS = NO;
				SWIFT_VERSION = 5.0;
				TARGETED_DEVICE_FAMILY = "1,2";
				TEST_HOST = "$(BUILT_PRODUCTS_DIR)/MR_Mapping_iOS.app/$(BUNDLE_EXECUTABLE_FOLDER_PATH)/MR_Mapping_iOS";
			};
			name = Debug;
		};
		DED86E642BCE70360036D5D9 /* Release */ = {
			isa = XCBuildConfiguration;
			buildSettings = {
				ALWAYS_EMBED_SWIFT_STANDARD_LIBRARIES = YES;
				BUNDLE_LOADER = "$(TEST_HOST)";
				CODE_SIGN_STYLE = Automatic;
				CURRENT_PROJECT_VERSION = 1;
				DEVELOPMENT_TEAM = 5D438V9SF5;
				GENERATE_INFOPLIST_FILE = YES;
				IPHONEOS_DEPLOYMENT_TARGET = 17.4;
				MARKETING_VERSION = 1.0;
				PRODUCT_BUNDLE_IDENTIFIER = "taramanji.MR-Mapping-iOSTests";
				PRODUCT_NAME = "$(TARGET_NAME)";
				SWIFT_EMIT_LOC_STRINGS = NO;
				SWIFT_VERSION = 5.0;
				TARGETED_DEVICE_FAMILY = "1,2";
				TEST_HOST = "$(BUILT_PRODUCTS_DIR)/MR_Mapping_iOS.app/$(BUNDLE_EXECUTABLE_FOLDER_PATH)/MR_Mapping_iOS";
			};
			name = Release;
		};
		DED86E662BCE70360036D5D9 /* Debug */ = {
			isa = XCBuildConfiguration;
			buildSettings = {
				ALWAYS_EMBED_SWIFT_STANDARD_LIBRARIES = YES;
				CODE_SIGN_STYLE = Automatic;
				CURRENT_PROJECT_VERSION = 1;
				DEVELOPMENT_TEAM = 5D438V9SF5;
				GENERATE_INFOPLIST_FILE = YES;
				MARKETING_VERSION = 1.0;
				PRODUCT_BUNDLE_IDENTIFIER = "taramanji.MR-Mapping-iOSUITests";
				PRODUCT_NAME = "$(TARGET_NAME)";
				SWIFT_EMIT_LOC_STRINGS = NO;
				SWIFT_VERSION = 5.0;
				TARGETED_DEVICE_FAMILY = "1,2";
				TEST_TARGET_NAME = MR_Mapping_iOS;
			};
			name = Debug;
		};
		DED86E672BCE70360036D5D9 /* Release */ = {
			isa = XCBuildConfiguration;
			buildSettings = {
				ALWAYS_EMBED_SWIFT_STANDARD_LIBRARIES = YES;
				CODE_SIGN_STYLE = Automatic;
				CURRENT_PROJECT_VERSION = 1;
				DEVELOPMENT_TEAM = 5D438V9SF5;
				GENERATE_INFOPLIST_FILE = YES;
				MARKETING_VERSION = 1.0;
				PRODUCT_BUNDLE_IDENTIFIER = "taramanji.MR-Mapping-iOSUITests";
				PRODUCT_NAME = "$(TARGET_NAME)";
				SWIFT_EMIT_LOC_STRINGS = NO;
				SWIFT_VERSION = 5.0;
				TARGETED_DEVICE_FAMILY = "1,2";
				TEST_TARGET_NAME = MR_Mapping_iOS;
			};
			name = Release;
		};
/* End XCBuildConfiguration section */

/* Begin XCConfigurationList section */
		DED86E362BCE70350036D5D9 /* Build configuration list for PBXProject "MR_Mapping_iOS" */ = {
			isa = XCConfigurationList;
			buildConfigurations = (
				DED86E5D2BCE70360036D5D9 /* Debug */,
				DED86E5E2BCE70360036D5D9 /* Release */,
			);
			defaultConfigurationIsVisible = 0;
			defaultConfigurationName = Release;
		};
		DED86E5F2BCE70360036D5D9 /* Build configuration list for PBXNativeTarget "MR_Mapping_iOS" */ = {
			isa = XCConfigurationList;
			buildConfigurations = (
				DED86E602BCE70360036D5D9 /* Debug */,
				DED86E612BCE70360036D5D9 /* Release */,
			);
			defaultConfigurationIsVisible = 0;
			defaultConfigurationName = Release;
		};
		DED86E622BCE70360036D5D9 /* Build configuration list for PBXNativeTarget "MR_Mapping_iOSTests" */ = {
			isa = XCConfigurationList;
			buildConfigurations = (
				DED86E632BCE70360036D5D9 /* Debug */,
				DED86E642BCE70360036D5D9 /* Release */,
			);
			defaultConfigurationIsVisible = 0;
			defaultConfigurationName = Release;
		};
		DED86E652BCE70360036D5D9 /* Build configuration list for PBXNativeTarget "MR_Mapping_iOSUITests" */ = {
			isa = XCConfigurationList;
			buildConfigurations = (
				DED86E662BCE70360036D5D9 /* Debug */,
				DED86E672BCE70360036D5D9 /* Release */,
			);
			defaultConfigurationIsVisible = 0;
			defaultConfigurationName = Release;
		};
/* End XCConfigurationList section */
	};
	rootObject = DED86E332BCE70350036D5D9 /* Project object */;
}
