// !$*UTF8*$!
{
	archiveVersion = 1;
	classes = {
	};
	objectVersion = 60;
	objects = {

/* Begin PBXBuildFile section */
		9EF5608309685EF823130AA9 /* Pods_MR_Mapping_iOS.framework in Frameworks */ = {isa = PBXBuildFile; fileRef = B303E3FC028C8C901F2CB813 /* Pods_MR_Mapping_iOS.framework */; };
		DE1B9E0F2C22C435008D5B31 /* MR_Mapping_iOSApp.swift in Sources */ = {isa = PBXBuildFile; fileRef = DE1B9E0E2C22C435008D5B31 /* MR_Mapping_iOSApp.swift */; };
		DE1B9E112C22C435008D5B31 /* ContentView.swift in Sources */ = {isa = PBXBuildFile; fileRef = DE1B9E102C22C435008D5B31 /* ContentView.swift */; };
		DE1B9E152C22C436008D5B31 /* Assets.xcassets in Resources */ = {isa = PBXBuildFile; fileRef = DE1B9E142C22C436008D5B31 /* Assets.xcassets */; };
		DE1B9E192C22C436008D5B31 /* Preview Assets.xcassets in Resources */ = {isa = PBXBuildFile; fileRef = DE1B9E182C22C436008D5B31 /* Preview Assets.xcassets */; };
		DE1B9E232C22C436008D5B31 /* MR_Mapping_iOSTests.swift in Sources */ = {isa = PBXBuildFile; fileRef = DE1B9E222C22C436008D5B31 /* MR_Mapping_iOSTests.swift */; };
		DE1B9E2D2C22C436008D5B31 /* MR_Mapping_iOSUITests.swift in Sources */ = {isa = PBXBuildFile; fileRef = DE1B9E2C2C22C436008D5B31 /* MR_Mapping_iOSUITests.swift */; };
		DE1B9E2F2C22C436008D5B31 /* MR_Mapping_iOSUITestsLaunchTests.swift in Sources */ = {isa = PBXBuildFile; fileRef = DE1B9E2E2C22C436008D5B31 /* MR_Mapping_iOSUITestsLaunchTests.swift */; };
		DEF12B0B2C23295300C4CAAB /* DataView.swift in Sources */ = {isa = PBXBuildFile; fileRef = DEF12B0A2C23295300C4CAAB /* DataView.swift */; };
		DEF12B0D2C23297900C4CAAB /* DataViewModel.swift in Sources */ = {isa = PBXBuildFile; fileRef = DEF12B0C2C23297900C4CAAB /* DataViewModel.swift */; };
/* End PBXBuildFile section */

/* Begin PBXContainerItemProxy section */
		DE1B9E1F2C22C436008D5B31 /* PBXContainerItemProxy */ = {
			isa = PBXContainerItemProxy;
			containerPortal = DE1B9E032C22C435008D5B31 /* Project object */;
			proxyType = 1;
			remoteGlobalIDString = DE1B9E0A2C22C435008D5B31;
			remoteInfo = "MR-Mapping-iOS";
		};
		DE1B9E292C22C436008D5B31 /* PBXContainerItemProxy */ = {
			isa = PBXContainerItemProxy;
			containerPortal = DE1B9E032C22C435008D5B31 /* Project object */;
			proxyType = 1;
			remoteGlobalIDString = DE1B9E0A2C22C435008D5B31;
			remoteInfo = "MR-Mapping-iOS";
		};
/* End PBXContainerItemProxy section */

/* Begin PBXFileReference section */
		7DB9FE3756312D998631DBD2 /* Pods-MR-Mapping-iOS.debug.xcconfig */ = {isa = PBXFileReference; includeInIndex = 1; lastKnownFileType = text.xcconfig; name = "Pods-MR-Mapping-iOS.debug.xcconfig"; path = "Target Support Files/Pods-MR-Mapping-iOS/Pods-MR-Mapping-iOS.debug.xcconfig"; sourceTree = "<group>"; };
		B29A0A32BC21189A5DB1059B /* Pods-MR-Mapping-iOS.release.xcconfig */ = {isa = PBXFileReference; includeInIndex = 1; lastKnownFileType = text.xcconfig; name = "Pods-MR-Mapping-iOS.release.xcconfig"; path = "Target Support Files/Pods-MR-Mapping-iOS/Pods-MR-Mapping-iOS.release.xcconfig"; sourceTree = "<group>"; };
		B303E3FC028C8C901F2CB813 /* Pods_MR_Mapping_iOS.framework */ = {isa = PBXFileReference; explicitFileType = wrapper.framework; includeInIndex = 0; path = Pods_MR_Mapping_iOS.framework; sourceTree = BUILT_PRODUCTS_DIR; };
		DE1B9E0B2C22C435008D5B31 /* MR-Mapping-iOS.app */ = {isa = PBXFileReference; explicitFileType = wrapper.application; includeInIndex = 0; path = "MR-Mapping-iOS.app"; sourceTree = BUILT_PRODUCTS_DIR; };
		DE1B9E0E2C22C435008D5B31 /* MR_Mapping_iOSApp.swift */ = {isa = PBXFileReference; lastKnownFileType = sourcecode.swift; path = MR_Mapping_iOSApp.swift; sourceTree = "<group>"; };
		DE1B9E102C22C435008D5B31 /* ContentView.swift */ = {isa = PBXFileReference; lastKnownFileType = sourcecode.swift; path = ContentView.swift; sourceTree = "<group>"; };
		DE1B9E142C22C436008D5B31 /* Assets.xcassets */ = {isa = PBXFileReference; lastKnownFileType = folder.assetcatalog; path = Assets.xcassets; sourceTree = "<group>"; };
		DE1B9E162C22C436008D5B31 /* MR_Mapping_iOS.entitlements */ = {isa = PBXFileReference; lastKnownFileType = text.plist.entitlements; path = MR_Mapping_iOS.entitlements; sourceTree = "<group>"; };
		DE1B9E182C22C436008D5B31 /* Preview Assets.xcassets */ = {isa = PBXFileReference; lastKnownFileType = folder.assetcatalog; path = "Preview Assets.xcassets"; sourceTree = "<group>"; };
		DE1B9E1E2C22C436008D5B31 /* MR-Mapping-iOSTests.xctest */ = {isa = PBXFileReference; explicitFileType = wrapper.cfbundle; includeInIndex = 0; path = "MR-Mapping-iOSTests.xctest"; sourceTree = BUILT_PRODUCTS_DIR; };
		DE1B9E222C22C436008D5B31 /* MR_Mapping_iOSTests.swift */ = {isa = PBXFileReference; lastKnownFileType = sourcecode.swift; path = MR_Mapping_iOSTests.swift; sourceTree = "<group>"; };
		DE1B9E282C22C436008D5B31 /* MR-Mapping-iOSUITests.xctest */ = {isa = PBXFileReference; explicitFileType = wrapper.cfbundle; includeInIndex = 0; path = "MR-Mapping-iOSUITests.xctest"; sourceTree = BUILT_PRODUCTS_DIR; };
		DE1B9E2C2C22C436008D5B31 /* MR_Mapping_iOSUITests.swift */ = {isa = PBXFileReference; lastKnownFileType = sourcecode.swift; path = MR_Mapping_iOSUITests.swift; sourceTree = "<group>"; };
		DE1B9E2E2C22C436008D5B31 /* MR_Mapping_iOSUITestsLaunchTests.swift */ = {isa = PBXFileReference; lastKnownFileType = sourcecode.swift; path = MR_Mapping_iOSUITestsLaunchTests.swift; sourceTree = "<group>"; };
		DE4DA9992C22CEFD008FEC12 /* Info.plist */ = {isa = PBXFileReference; lastKnownFileType = text.plist; path = Info.plist; sourceTree = "<group>"; };
		DEF12B0A2C23295300C4CAAB /* DataView.swift */ = {isa = PBXFileReference; lastKnownFileType = sourcecode.swift; path = DataView.swift; sourceTree = "<group>"; };
		DEF12B0C2C23297900C4CAAB /* DataViewModel.swift */ = {isa = PBXFileReference; lastKnownFileType = sourcecode.swift; path = DataViewModel.swift; sourceTree = "<group>"; };
/* End PBXFileReference section */

/* Begin PBXFrameworksBuildPhase section */
		DE1B9E082C22C435008D5B31 /* Frameworks */ = {
			isa = PBXFrameworksBuildPhase;
			buildActionMask = 2147483647;
			files = (
				9EF5608309685EF823130AA9 /* Pods_MR_Mapping_iOS.framework in Frameworks */,
			);
			runOnlyForDeploymentPostprocessing = 0;
		};
		DE1B9E1B2C22C436008D5B31 /* Frameworks */ = {
			isa = PBXFrameworksBuildPhase;
			buildActionMask = 2147483647;
			files = (
			);
			runOnlyForDeploymentPostprocessing = 0;
		};
		DE1B9E252C22C436008D5B31 /* Frameworks */ = {
			isa = PBXFrameworksBuildPhase;
			buildActionMask = 2147483647;
			files = (
			);
			runOnlyForDeploymentPostprocessing = 0;
		};
/* End PBXFrameworksBuildPhase section */

/* Begin PBXGroup section */
		CC695228E0B1275D284ABDB5 /* Pods */ = {
			isa = PBXGroup;
			children = (
				7DB9FE3756312D998631DBD2 /* Pods-MR-Mapping-iOS.debug.xcconfig */,
				B29A0A32BC21189A5DB1059B /* Pods-MR-Mapping-iOS.release.xcconfig */,
			);
			path = Pods;
			sourceTree = "<group>";
		};
		DE1B9E022C22C435008D5B31 = {
			isa = PBXGroup;
			children = (
				DE1B9E0D2C22C435008D5B31 /* MR-Mapping-iOS */,
				DE1B9E212C22C436008D5B31 /* MR-Mapping-iOSTests */,
				DE1B9E2B2C22C436008D5B31 /* MR-Mapping-iOSUITests */,
				DE1B9E0C2C22C435008D5B31 /* Products */,
				CC695228E0B1275D284ABDB5 /* Pods */,
				F6A7B87383F119AB16E81735 /* Frameworks */,
			);
			sourceTree = "<group>";
		};
		DE1B9E0C2C22C435008D5B31 /* Products */ = {
			isa = PBXGroup;
			children = (
				DE1B9E0B2C22C435008D5B31 /* MR-Mapping-iOS.app */,
				DE1B9E1E2C22C436008D5B31 /* MR-Mapping-iOSTests.xctest */,
				DE1B9E282C22C436008D5B31 /* MR-Mapping-iOSUITests.xctest */,
			);
			name = Products;
			sourceTree = "<group>";
		};
		DE1B9E0D2C22C435008D5B31 /* MR-Mapping-iOS */ = {
			isa = PBXGroup;
			children = (
				DE4DA9992C22CEFD008FEC12 /* Info.plist */,
				DE1B9E0E2C22C435008D5B31 /* MR_Mapping_iOSApp.swift */,
				DE1B9E102C22C435008D5B31 /* ContentView.swift */,
				DEF12B0A2C23295300C4CAAB /* DataView.swift */,
				DEF12B0C2C23297900C4CAAB /* DataViewModel.swift */,
				DE1B9E142C22C436008D5B31 /* Assets.xcassets */,
				DE1B9E162C22C436008D5B31 /* MR_Mapping_iOS.entitlements */,
				DE1B9E172C22C436008D5B31 /* Preview Content */,
			);
			path = "MR-Mapping-iOS";
			sourceTree = "<group>";
		};
		DE1B9E172C22C436008D5B31 /* Preview Content */ = {
			isa = PBXGroup;
			children = (
				DE1B9E182C22C436008D5B31 /* Preview Assets.xcassets */,
			);
			path = "Preview Content";
			sourceTree = "<group>";
		};
		DE1B9E212C22C436008D5B31 /* MR-Mapping-iOSTests */ = {
			isa = PBXGroup;
			children = (
				DE1B9E222C22C436008D5B31 /* MR_Mapping_iOSTests.swift */,
			);
			path = "MR-Mapping-iOSTests";
			sourceTree = "<group>";
		};
		DE1B9E2B2C22C436008D5B31 /* MR-Mapping-iOSUITests */ = {
			isa = PBXGroup;
			children = (
				DE1B9E2C2C22C436008D5B31 /* MR_Mapping_iOSUITests.swift */,
				DE1B9E2E2C22C436008D5B31 /* MR_Mapping_iOSUITestsLaunchTests.swift */,
			);
			path = "MR-Mapping-iOSUITests";
			sourceTree = "<group>";
		};
		F6A7B87383F119AB16E81735 /* Frameworks */ = {
			isa = PBXGroup;
			children = (
				B303E3FC028C8C901F2CB813 /* Pods_MR_Mapping_iOS.framework */,
			);
			name = Frameworks;
			sourceTree = "<group>";
		};
/* End PBXGroup section */

/* Begin PBXNativeTarget section */
		DE1B9E0A2C22C435008D5B31 /* MR-Mapping-iOS */ = {
			isa = PBXNativeTarget;
			buildConfigurationList = DE1B9E322C22C436008D5B31 /* Build configuration list for PBXNativeTarget "MR-Mapping-iOS" */;
			buildPhases = (
				FEB2BE89EAF1684018576104 /* [CP] Check Pods Manifest.lock */,
				DE1B9E072C22C435008D5B31 /* Sources */,
				DE1B9E082C22C435008D5B31 /* Frameworks */,
				DE1B9E092C22C435008D5B31 /* Resources */,
				B5FD88413EA94FFE669E56ED /* [CP] Embed Pods Frameworks */,
			);
			buildRules = (
			);
			dependencies = (
			);
			name = "MR-Mapping-iOS";
			productName = "MR-Mapping-iOS";
			productReference = DE1B9E0B2C22C435008D5B31 /* MR-Mapping-iOS.app */;
			productType = "com.apple.product-type.application";
		};
		DE1B9E1D2C22C436008D5B31 /* MR-Mapping-iOSTests */ = {
			isa = PBXNativeTarget;
			buildConfigurationList = DE1B9E352C22C436008D5B31 /* Build configuration list for PBXNativeTarget "MR-Mapping-iOSTests" */;
			buildPhases = (
				DE1B9E1A2C22C436008D5B31 /* Sources */,
				DE1B9E1B2C22C436008D5B31 /* Frameworks */,
				DE1B9E1C2C22C436008D5B31 /* Resources */,
			);
			buildRules = (
			);
			dependencies = (
				DE1B9E202C22C436008D5B31 /* PBXTargetDependency */,
			);
			name = "MR-Mapping-iOSTests";
			productName = "MR-Mapping-iOSTests";
			productReference = DE1B9E1E2C22C436008D5B31 /* MR-Mapping-iOSTests.xctest */;
			productType = "com.apple.product-type.bundle.unit-test";
		};
		DE1B9E272C22C436008D5B31 /* MR-Mapping-iOSUITests */ = {
			isa = PBXNativeTarget;
			buildConfigurationList = DE1B9E382C22C436008D5B31 /* Build configuration list for PBXNativeTarget "MR-Mapping-iOSUITests" */;
			buildPhases = (
				DE1B9E242C22C436008D5B31 /* Sources */,
				DE1B9E252C22C436008D5B31 /* Frameworks */,
				DE1B9E262C22C436008D5B31 /* Resources */,
			);
			buildRules = (
			);
			dependencies = (
				DE1B9E2A2C22C436008D5B31 /* PBXTargetDependency */,
			);
			name = "MR-Mapping-iOSUITests";
			productName = "MR-Mapping-iOSUITests";
			productReference = DE1B9E282C22C436008D5B31 /* MR-Mapping-iOSUITests.xctest */;
			productType = "com.apple.product-type.bundle.ui-testing";
		};
/* End PBXNativeTarget section */

/* Begin PBXProject section */
		DE1B9E032C22C435008D5B31 /* Project object */ = {
			isa = PBXProject;
			attributes = {
				BuildIndependentTargetsInParallel = 1;
				LastSwiftUpdateCheck = 1600;
				LastUpgradeCheck = 1600;
				TargetAttributes = {
					DE1B9E0A2C22C435008D5B31 = {
						CreatedOnToolsVersion = 16.0;
					};
					DE1B9E1D2C22C436008D5B31 = {
						CreatedOnToolsVersion = 16.0;
						TestTargetID = DE1B9E0A2C22C435008D5B31;
					};
					DE1B9E272C22C436008D5B31 = {
						CreatedOnToolsVersion = 16.0;
						TestTargetID = DE1B9E0A2C22C435008D5B31;
					};
				};
			};
			buildConfigurationList = DE1B9E062C22C435008D5B31 /* Build configuration list for PBXProject "MR-Mapping-iOS" */;
			compatibilityVersion = "Xcode 15.0";
			developmentRegion = en;
			hasScannedForEncodings = 0;
			knownRegions = (
				en,
				Base,
			);
			mainGroup = DE1B9E022C22C435008D5B31;
			productRefGroup = DE1B9E0C2C22C435008D5B31 /* Products */;
			projectDirPath = "";
			projectRoot = "";
			targets = (
				DE1B9E0A2C22C435008D5B31 /* MR-Mapping-iOS */,
				DE1B9E1D2C22C436008D5B31 /* MR-Mapping-iOSTests */,
				DE1B9E272C22C436008D5B31 /* MR-Mapping-iOSUITests */,
			);
		};
/* End PBXProject section */

/* Begin PBXResourcesBuildPhase section */
		DE1B9E092C22C435008D5B31 /* Resources */ = {
			isa = PBXResourcesBuildPhase;
			buildActionMask = 2147483647;
			files = (
				DE1B9E192C22C436008D5B31 /* Preview Assets.xcassets in Resources */,
				DE1B9E152C22C436008D5B31 /* Assets.xcassets in Resources */,
			);
			runOnlyForDeploymentPostprocessing = 0;
		};
		DE1B9E1C2C22C436008D5B31 /* Resources */ = {
			isa = PBXResourcesBuildPhase;
			buildActionMask = 2147483647;
			files = (
			);
			runOnlyForDeploymentPostprocessing = 0;
		};
		DE1B9E262C22C436008D5B31 /* Resources */ = {
			isa = PBXResourcesBuildPhase;
			buildActionMask = 2147483647;
			files = (
			);
			runOnlyForDeploymentPostprocessing = 0;
		};
/* End PBXResourcesBuildPhase section */

/* Begin PBXShellScriptBuildPhase section */
		B5FD88413EA94FFE669E56ED /* [CP] Embed Pods Frameworks */ = {
			isa = PBXShellScriptBuildPhase;
			buildActionMask = 2147483647;
			files = (
			);
			inputFileListPaths = (
				"${PODS_ROOT}/Target Support Files/Pods-MR-Mapping-iOS/Pods-MR-Mapping-iOS-frameworks-${CONFIGURATION}-input-files.xcfilelist",
			);
			name = "[CP] Embed Pods Frameworks";
			outputFileListPaths = (
				"${PODS_ROOT}/Target Support Files/Pods-MR-Mapping-iOS/Pods-MR-Mapping-iOS-frameworks-${CONFIGURATION}-output-files.xcfilelist",
			);
			runOnlyForDeploymentPostprocessing = 0;
			shellPath = /bin/sh;
			shellScript = "\"${PODS_ROOT}/Target Support Files/Pods-MR-Mapping-iOS/Pods-MR-Mapping-iOS-frameworks.sh\"\n";
			showEnvVarsInLog = 0;
		};
		FEB2BE89EAF1684018576104 /* [CP] Check Pods Manifest.lock */ = {
			isa = PBXShellScriptBuildPhase;
			buildActionMask = 2147483647;
			files = (
			);
			inputFileListPaths = (
			);
			inputPaths = (
				"${PODS_PODFILE_DIR_PATH}/Podfile.lock",
				"${PODS_ROOT}/Manifest.lock",
			);
			name = "[CP] Check Pods Manifest.lock";
			outputFileListPaths = (
			);
			outputPaths = (
				"$(DERIVED_FILE_DIR)/Pods-MR-Mapping-iOS-checkManifestLockResult.txt",
			);
			runOnlyForDeploymentPostprocessing = 0;
			shellPath = /bin/sh;
			shellScript = "diff \"${PODS_PODFILE_DIR_PATH}/Podfile.lock\" \"${PODS_ROOT}/Manifest.lock\" > /dev/null\nif [ $? != 0 ] ; then\n    # print error to STDERR\n    echo \"error: The sandbox is not in sync with the Podfile.lock. Run 'pod install' or update your CocoaPods installation.\" >&2\n    exit 1\nfi\n# This output is used by Xcode 'outputs' to avoid re-running this script phase.\necho \"SUCCESS\" > \"${SCRIPT_OUTPUT_FILE_0}\"\n";
			showEnvVarsInLog = 0;
		};
/* End PBXShellScriptBuildPhase section */

/* Begin PBXSourcesBuildPhase section */
		DE1B9E072C22C435008D5B31 /* Sources */ = {
			isa = PBXSourcesBuildPhase;
			buildActionMask = 2147483647;
			files = (
				DEF12B0D2C23297900C4CAAB /* DataViewModel.swift in Sources */,
				DEF12B0B2C23295300C4CAAB /* DataView.swift in Sources */,
				DE1B9E112C22C435008D5B31 /* ContentView.swift in Sources */,
				DE1B9E0F2C22C435008D5B31 /* MR_Mapping_iOSApp.swift in Sources */,
			);
			runOnlyForDeploymentPostprocessing = 0;
		};
		DE1B9E1A2C22C436008D5B31 /* Sources */ = {
			isa = PBXSourcesBuildPhase;
			buildActionMask = 2147483647;
			files = (
				DE1B9E232C22C436008D5B31 /* MR_Mapping_iOSTests.swift in Sources */,
			);
			runOnlyForDeploymentPostprocessing = 0;
		};
		DE1B9E242C22C436008D5B31 /* Sources */ = {
			isa = PBXSourcesBuildPhase;
			buildActionMask = 2147483647;
			files = (
				DE1B9E2F2C22C436008D5B31 /* MR_Mapping_iOSUITestsLaunchTests.swift in Sources */,
				DE1B9E2D2C22C436008D5B31 /* MR_Mapping_iOSUITests.swift in Sources */,
			);
			runOnlyForDeploymentPostprocessing = 0;
		};
/* End PBXSourcesBuildPhase section */

/* Begin PBXTargetDependency section */
		DE1B9E202C22C436008D5B31 /* PBXTargetDependency */ = {
			isa = PBXTargetDependency;
			target = DE1B9E0A2C22C435008D5B31 /* MR-Mapping-iOS */;
			targetProxy = DE1B9E1F2C22C436008D5B31 /* PBXContainerItemProxy */;
		};
		DE1B9E2A2C22C436008D5B31 /* PBXTargetDependency */ = {
			isa = PBXTargetDependency;
			target = DE1B9E0A2C22C435008D5B31 /* MR-Mapping-iOS */;
			targetProxy = DE1B9E292C22C436008D5B31 /* PBXContainerItemProxy */;
		};
/* End PBXTargetDependency section */

/* Begin XCBuildConfiguration section */
		DE1B9E302C22C436008D5B31 /* Debug */ = {
			isa = XCBuildConfiguration;
			buildSettings = {
				ALWAYS_SEARCH_USER_PATHS = NO;
				ASSETCATALOG_COMPILER_GENERATE_SWIFT_ASSET_SYMBOL_EXTENSIONS = YES;
				CLANG_ANALYZER_NONNULL = YES;
				CLANG_ANALYZER_NUMBER_OBJECT_CONVERSION = YES_AGGRESSIVE;
				CLANG_CXX_LANGUAGE_STANDARD = "gnu++20";
				CLANG_ENABLE_MODULES = YES;
				CLANG_ENABLE_OBJC_ARC = YES;
				CLANG_ENABLE_OBJC_WEAK = YES;
				CLANG_WARN_BLOCK_CAPTURE_AUTORELEASING = YES;
				CLANG_WARN_BOOL_CONVERSION = YES;
				CLANG_WARN_COMMA = YES;
				CLANG_WARN_CONSTANT_CONVERSION = YES;
				CLANG_WARN_DEPRECATED_OBJC_IMPLEMENTATIONS = YES;
				CLANG_WARN_DIRECT_OBJC_ISA_USAGE = YES_ERROR;
				CLANG_WARN_DOCUMENTATION_COMMENTS = YES;
				CLANG_WARN_EMPTY_BODY = YES;
				CLANG_WARN_ENUM_CONVERSION = YES;
				CLANG_WARN_INFINITE_RECURSION = YES;
				CLANG_WARN_INT_CONVERSION = YES;
				CLANG_WARN_NON_LITERAL_NULL_CONVERSION = YES;
				CLANG_WARN_OBJC_IMPLICIT_RETAIN_SELF = YES;
				CLANG_WARN_OBJC_LITERAL_CONVERSION = YES;
				CLANG_WARN_OBJC_ROOT_CLASS = YES_ERROR;
				CLANG_WARN_QUOTED_INCLUDE_IN_FRAMEWORK_HEADER = YES;
				CLANG_WARN_RANGE_LOOP_ANALYSIS = YES;
				CLANG_WARN_STRICT_PROTOTYPES = YES;
				CLANG_WARN_SUSPICIOUS_MOVE = YES;
				CLANG_WARN_UNGUARDED_AVAILABILITY = YES_AGGRESSIVE;
				CLANG_WARN_UNREACHABLE_CODE = YES;
				CLANG_WARN__DUPLICATE_METHOD_MATCH = YES;
				COPY_PHASE_STRIP = NO;
				DEBUG_INFORMATION_FORMAT = dwarf;
				ENABLE_STRICT_OBJC_MSGSEND = YES;
				ENABLE_TESTABILITY = YES;
				ENABLE_USER_SCRIPT_SANDBOXING = YES;
				GCC_C_LANGUAGE_STANDARD = gnu17;
				GCC_DYNAMIC_NO_PIC = NO;
				GCC_NO_COMMON_BLOCKS = YES;
				GCC_OPTIMIZATION_LEVEL = 0;
				GCC_PREPROCESSOR_DEFINITIONS = (
					"DEBUG=1",
					"$(inherited)",
				);
				GCC_WARN_64_TO_32_BIT_CONVERSION = YES;
				GCC_WARN_ABOUT_RETURN_TYPE = YES_ERROR;
				GCC_WARN_UNDECLARED_SELECTOR = YES;
				GCC_WARN_UNINITIALIZED_AUTOS = YES_AGGRESSIVE;
				GCC_WARN_UNUSED_FUNCTION = YES;
				GCC_WARN_UNUSED_VARIABLE = YES;
				LOCALIZATION_PREFERS_STRING_CATALOGS = YES;
				MTL_ENABLE_DEBUG_INFO = INCLUDE_SOURCE;
				MTL_FAST_MATH = YES;
				ONLY_ACTIVE_ARCH = YES;
				SWIFT_ACTIVE_COMPILATION_CONDITIONS = "DEBUG $(inherited)";
				SWIFT_OPTIMIZATION_LEVEL = "-Onone";
			};
			name = Debug;
		};
		DE1B9E312C22C436008D5B31 /* Release */ = {
			isa = XCBuildConfiguration;
			buildSettings = {
				ALWAYS_SEARCH_USER_PATHS = NO;
				ASSETCATALOG_COMPILER_GENERATE_SWIFT_ASSET_SYMBOL_EXTENSIONS = YES;
				CLANG_ANALYZER_NONNULL = YES;
				CLANG_ANALYZER_NUMBER_OBJECT_CONVERSION = YES_AGGRESSIVE;
				CLANG_CXX_LANGUAGE_STANDARD = "gnu++20";
				CLANG_ENABLE_MODULES = YES;
				CLANG_ENABLE_OBJC_ARC = YES;
				CLANG_ENABLE_OBJC_WEAK = YES;
				CLANG_WARN_BLOCK_CAPTURE_AUTORELEASING = YES;
				CLANG_WARN_BOOL_CONVERSION = YES;
				CLANG_WARN_COMMA = YES;
				CLANG_WARN_CONSTANT_CONVERSION = YES;
				CLANG_WARN_DEPRECATED_OBJC_IMPLEMENTATIONS = YES;
				CLANG_WARN_DIRECT_OBJC_ISA_USAGE = YES_ERROR;
				CLANG_WARN_DOCUMENTATION_COMMENTS = YES;
				CLANG_WARN_EMPTY_BODY = YES;
				CLANG_WARN_ENUM_CONVERSION = YES;
				CLANG_WARN_INFINITE_RECURSION = YES;
				CLANG_WARN_INT_CONVERSION = YES;
				CLANG_WARN_NON_LITERAL_NULL_CONVERSION = YES;
				CLANG_WARN_OBJC_IMPLICIT_RETAIN_SELF = YES;
				CLANG_WARN_OBJC_LITERAL_CONVERSION = YES;
				CLANG_WARN_OBJC_ROOT_CLASS = YES_ERROR;
				CLANG_WARN_QUOTED_INCLUDE_IN_FRAMEWORK_HEADER = YES;
				CLANG_WARN_RANGE_LOOP_ANALYSIS = YES;
				CLANG_WARN_STRICT_PROTOTYPES = YES;
				CLANG_WARN_SUSPICIOUS_MOVE = YES;
				CLANG_WARN_UNGUARDED_AVAILABILITY = YES_AGGRESSIVE;
				CLANG_WARN_UNREACHABLE_CODE = YES;
				CLANG_WARN__DUPLICATE_METHOD_MATCH = YES;
				COPY_PHASE_STRIP = NO;
				DEBUG_INFORMATION_FORMAT = "dwarf-with-dsym";
				ENABLE_NS_ASSERTIONS = NO;
				ENABLE_STRICT_OBJC_MSGSEND = YES;
				ENABLE_USER_SCRIPT_SANDBOXING = YES;
				GCC_C_LANGUAGE_STANDARD = gnu17;
				GCC_NO_COMMON_BLOCKS = YES;
				GCC_WARN_64_TO_32_BIT_CONVERSION = YES;
				GCC_WARN_ABOUT_RETURN_TYPE = YES_ERROR;
				GCC_WARN_UNDECLARED_SELECTOR = YES;
				GCC_WARN_UNINITIALIZED_AUTOS = YES_AGGRESSIVE;
				GCC_WARN_UNUSED_FUNCTION = YES;
				GCC_WARN_UNUSED_VARIABLE = YES;
				LOCALIZATION_PREFERS_STRING_CATALOGS = YES;
				MTL_ENABLE_DEBUG_INFO = NO;
				MTL_FAST_MATH = YES;
				SWIFT_COMPILATION_MODE = wholemodule;
			};
			name = Release;
		};
		DE1B9E332C22C436008D5B31 /* Debug */ = {
			isa = XCBuildConfiguration;
			baseConfigurationReference = 7DB9FE3756312D998631DBD2 /* Pods-MR-Mapping-iOS.debug.xcconfig */;
			buildSettings = {
				ASSETCATALOG_COMPILER_APPICON_NAME = AppIcon;
				ASSETCATALOG_COMPILER_GLOBAL_ACCENT_COLOR_NAME = AccentColor;
				CODE_SIGN_ENTITLEMENTS = "MR-Mapping-iOS/MR_Mapping_iOS.entitlements";
				CODE_SIGN_STYLE = Automatic;
				CURRENT_PROJECT_VERSION = 1;
				DEVELOPMENT_ASSET_PATHS = "\"MR-Mapping-iOS/Preview Content\"";
				DEVELOPMENT_TEAM = 5D438V9SF5;
				ENABLE_HARDENED_RUNTIME = NO;
				ENABLE_PREVIEWS = YES;
				ENABLE_USER_SCRIPT_SANDBOXING = NO;
				GENERATE_INFOPLIST_FILE = YES;
				INFOPLIST_FILE = "MR-Mapping-iOS/Info.plist";
				"INFOPLIST_KEY_UIApplicationSceneManifest_Generation[sdk=iphoneos*]" = YES;
				"INFOPLIST_KEY_UIApplicationSceneManifest_Generation[sdk=iphonesimulator*]" = YES;
				"INFOPLIST_KEY_UIApplicationSupportsIndirectInputEvents[sdk=iphoneos*]" = YES;
				"INFOPLIST_KEY_UIApplicationSupportsIndirectInputEvents[sdk=iphonesimulator*]" = YES;
				"INFOPLIST_KEY_UILaunchScreen_Generation[sdk=iphoneos*]" = YES;
				"INFOPLIST_KEY_UILaunchScreen_Generation[sdk=iphonesimulator*]" = YES;
				"INFOPLIST_KEY_UIStatusBarStyle[sdk=iphoneos*]" = UIStatusBarStyleDefault;
				"INFOPLIST_KEY_UIStatusBarStyle[sdk=iphonesimulator*]" = UIStatusBarStyleDefault;
				INFOPLIST_KEY_UISupportedInterfaceOrientations_iPad = "UIInterfaceOrientationPortrait UIInterfaceOrientationPortraitUpsideDown UIInterfaceOrientationLandscapeLeft UIInterfaceOrientationLandscapeRight";
				INFOPLIST_KEY_UISupportedInterfaceOrientations_iPhone = "UIInterfaceOrientationPortrait UIInterfaceOrientationLandscapeLeft UIInterfaceOrientationLandscapeRight";
				IPHONEOS_DEPLOYMENT_TARGET = 18.0;
				LD_RUNPATH_SEARCH_PATHS = "@executable_path/Frameworks";
				"LD_RUNPATH_SEARCH_PATHS[sdk=macosx*]" = "@executable_path/../Frameworks";
				MACOSX_DEPLOYMENT_TARGET = 14.0;
				MARKETING_VERSION = 1.0;
				PRODUCT_BUNDLE_IDENTIFIER = "tarakokko3233.MR-Mapping-iOS";
				PRODUCT_NAME = "$(TARGET_NAME)";
				SDKROOT = auto;
				SUPPORTED_PLATFORMS = "iphoneos iphonesimulator macosx xros xrsimulator";
				SWIFT_EMIT_LOC_STRINGS = YES;
				SWIFT_VERSION = 5.0;
				TARGETED_DEVICE_FAMILY = "1,2,7";
				XROS_DEPLOYMENT_TARGET = 2.0;
			};
			name = Debug;
		};
		DE1B9E342C22C436008D5B31 /* Release */ = {
			isa = XCBuildConfiguration;
			baseConfigurationReference = B29A0A32BC21189A5DB1059B /* Pods-MR-Mapping-iOS.release.xcconfig */;
			buildSettings = {
				ASSETCATALOG_COMPILER_APPICON_NAME = AppIcon;
				ASSETCATALOG_COMPILER_GLOBAL_ACCENT_COLOR_NAME = AccentColor;
				CODE_SIGN_ENTITLEMENTS = "MR-Mapping-iOS/MR_Mapping_iOS.entitlements";
				CODE_SIGN_STYLE = Automatic;
				CURRENT_PROJECT_VERSION = 1;
				DEVELOPMENT_ASSET_PATHS = "\"MR-Mapping-iOS/Preview Content\"";
				DEVELOPMENT_TEAM = 5D438V9SF5;
				ENABLE_HARDENED_RUNTIME = NO;
				ENABLE_PREVIEWS = YES;
				ENABLE_USER_SCRIPT_SANDBOXING = NO;
				GENERATE_INFOPLIST_FILE = YES;
				INFOPLIST_FILE = "MR-Mapping-iOS/Info.plist";
				"INFOPLIST_KEY_UIApplicationSceneManifest_Generation[sdk=iphoneos*]" = YES;
				"INFOPLIST_KEY_UIApplicationSceneManifest_Generation[sdk=iphonesimulator*]" = YES;
				"INFOPLIST_KEY_UIApplicationSupportsIndirectInputEvents[sdk=iphoneos*]" = YES;
				"INFOPLIST_KEY_UIApplicationSupportsIndirectInputEvents[sdk=iphonesimulator*]" = YES;
				"INFOPLIST_KEY_UILaunchScreen_Generation[sdk=iphoneos*]" = YES;
				"INFOPLIST_KEY_UILaunchScreen_Generation[sdk=iphonesimulator*]" = YES;
				"INFOPLIST_KEY_UIStatusBarStyle[sdk=iphoneos*]" = UIStatusBarStyleDefault;
				"INFOPLIST_KEY_UIStatusBarStyle[sdk=iphonesimulator*]" = UIStatusBarStyleDefault;
				INFOPLIST_KEY_UISupportedInterfaceOrientations_iPad = "UIInterfaceOrientationPortrait UIInterfaceOrientationPortraitUpsideDown UIInterfaceOrientationLandscapeLeft UIInterfaceOrientationLandscapeRight";
				INFOPLIST_KEY_UISupportedInterfaceOrientations_iPhone = "UIInterfaceOrientationPortrait UIInterfaceOrientationLandscapeLeft UIInterfaceOrientationLandscapeRight";
				IPHONEOS_DEPLOYMENT_TARGET = 18.0;
				LD_RUNPATH_SEARCH_PATHS = "@executable_path/Frameworks";
				"LD_RUNPATH_SEARCH_PATHS[sdk=macosx*]" = "@executable_path/../Frameworks";
				MACOSX_DEPLOYMENT_TARGET = 14.0;
				MARKETING_VERSION = 1.0;
				PRODUCT_BUNDLE_IDENTIFIER = "tarakokko3233.MR-Mapping-iOS";
				PRODUCT_NAME = "$(TARGET_NAME)";
				SDKROOT = auto;
				SUPPORTED_PLATFORMS = "iphoneos iphonesimulator macosx xros xrsimulator";
				SWIFT_EMIT_LOC_STRINGS = YES;
				SWIFT_VERSION = 5.0;
				TARGETED_DEVICE_FAMILY = "1,2,7";
				XROS_DEPLOYMENT_TARGET = 2.0;
			};
			name = Release;
		};
		DE1B9E362C22C436008D5B31 /* Debug */ = {
			isa = XCBuildConfiguration;
			buildSettings = {
				BUNDLE_LOADER = "$(TEST_HOST)";
				CODE_SIGN_STYLE = Automatic;
				CURRENT_PROJECT_VERSION = 1;
				DEVELOPMENT_TEAM = 5D438V9SF5;
				GENERATE_INFOPLIST_FILE = YES;
				IPHONEOS_DEPLOYMENT_TARGET = 18.0;
				MACOSX_DEPLOYMENT_TARGET = 15.0;
				MARKETING_VERSION = 1.0;
				PRODUCT_BUNDLE_IDENTIFIER = "tarakokko3233.MR-Mapping-iOSTests";
				PRODUCT_NAME = "$(TARGET_NAME)";
				SDKROOT = auto;
				SUPPORTED_PLATFORMS = "iphoneos iphonesimulator macosx xros xrsimulator";
				SWIFT_EMIT_LOC_STRINGS = NO;
				SWIFT_VERSION = 5.0;
				TARGETED_DEVICE_FAMILY = "1,2,7";
				TEST_HOST = "$(BUILT_PRODUCTS_DIR)/MR-Mapping-iOS.app/$(BUNDLE_EXECUTABLE_FOLDER_PATH)/MR-Mapping-iOS";
				XROS_DEPLOYMENT_TARGET = 2.0;
			};
			name = Debug;
		};
		DE1B9E372C22C436008D5B31 /* Release */ = {
			isa = XCBuildConfiguration;
			buildSettings = {
				BUNDLE_LOADER = "$(TEST_HOST)";
				CODE_SIGN_STYLE = Automatic;
				CURRENT_PROJECT_VERSION = 1;
				DEVELOPMENT_TEAM = 5D438V9SF5;
				GENERATE_INFOPLIST_FILE = YES;
				IPHONEOS_DEPLOYMENT_TARGET = 18.0;
				MACOSX_DEPLOYMENT_TARGET = 15.0;
				MARKETING_VERSION = 1.0;
				PRODUCT_BUNDLE_IDENTIFIER = "tarakokko3233.MR-Mapping-iOSTests";
				PRODUCT_NAME = "$(TARGET_NAME)";
				SDKROOT = auto;
				SUPPORTED_PLATFORMS = "iphoneos iphonesimulator macosx xros xrsimulator";
				SWIFT_EMIT_LOC_STRINGS = NO;
				SWIFT_VERSION = 5.0;
				TARGETED_DEVICE_FAMILY = "1,2,7";
				TEST_HOST = "$(BUILT_PRODUCTS_DIR)/MR-Mapping-iOS.app/$(BUNDLE_EXECUTABLE_FOLDER_PATH)/MR-Mapping-iOS";
				XROS_DEPLOYMENT_TARGET = 2.0;
			};
			name = Release;
		};
		DE1B9E392C22C436008D5B31 /* Debug */ = {
			isa = XCBuildConfiguration;
			buildSettings = {
				CODE_SIGN_STYLE = Automatic;
				CURRENT_PROJECT_VERSION = 1;
				DEVELOPMENT_TEAM = 5D438V9SF5;
				GENERATE_INFOPLIST_FILE = YES;
				IPHONEOS_DEPLOYMENT_TARGET = 18.0;
				MACOSX_DEPLOYMENT_TARGET = 15.0;
				MARKETING_VERSION = 1.0;
				PRODUCT_BUNDLE_IDENTIFIER = "tarakokko3233.MR-Mapping-iOSUITests";
				PRODUCT_NAME = "$(TARGET_NAME)";
				SDKROOT = auto;
				SUPPORTED_PLATFORMS = "iphoneos iphonesimulator macosx xros xrsimulator";
				SWIFT_EMIT_LOC_STRINGS = NO;
				SWIFT_VERSION = 5.0;
				TARGETED_DEVICE_FAMILY = "1,2,7";
				TEST_TARGET_NAME = "MR-Mapping-iOS";
				XROS_DEPLOYMENT_TARGET = 2.0;
			};
			name = Debug;
		};
		DE1B9E3A2C22C436008D5B31 /* Release */ = {
			isa = XCBuildConfiguration;
			buildSettings = {
				CODE_SIGN_STYLE = Automatic;
				CURRENT_PROJECT_VERSION = 1;
				DEVELOPMENT_TEAM = 5D438V9SF5;
				GENERATE_INFOPLIST_FILE = YES;
				IPHONEOS_DEPLOYMENT_TARGET = 18.0;
				MACOSX_DEPLOYMENT_TARGET = 15.0;
				MARKETING_VERSION = 1.0;
				PRODUCT_BUNDLE_IDENTIFIER = "tarakokko3233.MR-Mapping-iOSUITests";
				PRODUCT_NAME = "$(TARGET_NAME)";
				SDKROOT = auto;
				SUPPORTED_PLATFORMS = "iphoneos iphonesimulator macosx xros xrsimulator";
				SWIFT_EMIT_LOC_STRINGS = NO;
				SWIFT_VERSION = 5.0;
				TARGETED_DEVICE_FAMILY = "1,2,7";
				TEST_TARGET_NAME = "MR-Mapping-iOS";
				XROS_DEPLOYMENT_TARGET = 2.0;
			};
			name = Release;
		};
/* End XCBuildConfiguration section */

/* Begin XCConfigurationList section */
		DE1B9E062C22C435008D5B31 /* Build configuration list for PBXProject "MR-Mapping-iOS" */ = {
			isa = XCConfigurationList;
			buildConfigurations = (
				DE1B9E302C22C436008D5B31 /* Debug */,
				DE1B9E312C22C436008D5B31 /* Release */,
			);
			defaultConfigurationIsVisible = 0;
			defaultConfigurationName = Release;
		};
		DE1B9E322C22C436008D5B31 /* Build configuration list for PBXNativeTarget "MR-Mapping-iOS" */ = {
			isa = XCConfigurationList;
			buildConfigurations = (
				DE1B9E332C22C436008D5B31 /* Debug */,
				DE1B9E342C22C436008D5B31 /* Release */,
			);
			defaultConfigurationIsVisible = 0;
			defaultConfigurationName = Release;
		};
		DE1B9E352C22C436008D5B31 /* Build configuration list for PBXNativeTarget "MR-Mapping-iOSTests" */ = {
			isa = XCConfigurationList;
			buildConfigurations = (
				DE1B9E362C22C436008D5B31 /* Debug */,
				DE1B9E372C22C436008D5B31 /* Release */,
			);
			defaultConfigurationIsVisible = 0;
			defaultConfigurationName = Release;
		};
		DE1B9E382C22C436008D5B31 /* Build configuration list for PBXNativeTarget "MR-Mapping-iOSUITests" */ = {
			isa = XCConfigurationList;
			buildConfigurations = (
				DE1B9E392C22C436008D5B31 /* Debug */,
				DE1B9E3A2C22C436008D5B31 /* Release */,
			);
			defaultConfigurationIsVisible = 0;
			defaultConfigurationName = Release;
		};
/* End XCConfigurationList section */
	};
	rootObject = DE1B9E032C22C435008D5B31 /* Project object */;
}
